{
  "nodes": {
    "flakes": {
      "locked": {
        "lastModified": 1689520046,
        "narHash": "sha256-HGc3/irMLsnnywMH/4edGzMZJi/62SbbW4v+7oKsp9U=",
        "owner": "deemp",
        "repo": "flakes",
        "rev": "ebace8c31ecaf1660548942290af826aa6327897",
        "type": "github"
      },
      "original": {
        "owner": "deemp",
        "repo": "flakes",
        "type": "github"
      }
    },
    "root": {
      "inputs": {
        "flakes": "flakes"
      }
    }
  },
  "root": "root",
  "version": 7
}
