{
  "nodes": {
    "flakes": {
      "locked": {
        "lastModified": 1698741861,
        "narHash": "sha256-MKoVaS4zqHgPze1vBGB6Ocdl7muJU4e2X1hG5ZjOhrQ=",
        "owner": "deemp",
        "repo": "flakes",
        "rev": "692e31307c7e2e0ed803ee51e230e2d27e8fb7ed",
        "type": "github"
      },
      "original": {
        "owner": "deemp",
        "repo": "flakes",
        "type": "github"
      }
    },
    "root": {
      "inputs": {
        "flakes": "flakes"
      }
    }
  },
  "root": "root",
  "version": 7
}
