{
  "nodes": {
    "flakes": {
      "locked": {
        "lastModified": 1689582063,
        "narHash": "sha256-/DUfTI3HN9k49kDVEm98mzFZ4AEtMW9LnEb9Uw1LutA=",
        "owner": "deemp",
        "repo": "flakes",
        "rev": "40613e558f96fb54f9b497a1625bd467eb416dc5",
        "type": "github"
      },
      "original": {
        "owner": "deemp",
        "repo": "flakes",
        "type": "github"
      }
    },
    "root": {
      "inputs": {
        "flakes": "flakes"
      }
    }
  },
  "root": "root",
  "version": 7
}
