{
  "nodes": {
    "flakes": {
      "locked": {
        "lastModified": 1689864038,
        "narHash": "sha256-5l9qc46STnoIIzjaaCjVoKtY+it/C5ShCBWBhUA6eG4=",
        "owner": "deemp",
        "repo": "flakes",
        "rev": "4c3cab18053d0af3c67f43d487bcf46c4e0fa393",
        "type": "github"
      },
      "original": {
        "owner": "deemp",
        "repo": "flakes",
        "type": "github"
      }
    },
    "root": {
      "inputs": {
        "flakes": "flakes"
      }
    }
  },
  "root": "root",
  "version": 7
}
