{
  "nodes": {
    "flakes": {
      "locked": {
        "lastModified": 1689002920,
        "narHash": "sha256-7zKRbU9+AgD98d6B6n1Szjg+zhkn1GDBOeAKt9vIHAM=",
        "owner": "deemp",
        "repo": "flakes",
        "rev": "bfc9319d4dbb7df0a775deddfcfd283c277a1dd0",
        "type": "github"
      },
      "original": {
        "owner": "deemp",
        "repo": "flakes",
        "type": "github"
      }
    },
    "root": {
      "inputs": {
        "flakes": "flakes"
      }
    }
  },
  "root": "root",
  "version": 7
}
