{
  "nodes": {
    "flakes": {
      "locked": {
        "lastModified": 1689799290,
        "narHash": "sha256-Ll8I4fsvwH9TYjw71JLERXZ32T8iwOKW1/w7RcEF/5c=",
        "owner": "deemp",
        "repo": "flakes",
        "rev": "c628e9652b990f545dce9fe327af24c8a6ba9df3",
        "type": "github"
      },
      "original": {
        "owner": "deemp",
        "repo": "flakes",
        "type": "github"
      }
    },
    "root": {
      "inputs": {
        "flakes": "flakes"
      }
    }
  },
  "root": "root",
  "version": 7
}
