{
  "nodes": {
    "flake-utils": {
      "locked": {
        "lastModified": 1667395993,
        "narHash": "sha256-nuEHfE/LcWyuSWnS8t12N1wc105Qtau+/OdUAjtQ0rA=",
        "owner": "numtide",
        "repo": "flake-utils",
        "rev": "5aed5285a952e0b949eb3ba02c12fa4fcfef535f",
        "type": "github"
      },
      "original": {
        "owner": "numtide",
        "repo": "flake-utils",
        "type": "github"
      }
    },
    "flake-utils_": {
      "inputs": {
        "flake-utils": "flake-utils"
      },
      "locked": {
        "dir": "source-flake/flake-utils",
        "lastModified": 1673125105,
        "narHash": "sha256-VcuPO1Ta5u9Xr1cE2uMql2GuC9jpp2b/y9C5NuWjvlk=",
        "owner": "deemp",
        "repo": "flakes",
        "rev": "76ee477186ec935b1023723c2b31bdd08f2c7949",
        "type": "github"
      },
      "original": {
        "dir": "source-flake/flake-utils",
        "owner": "deemp",
        "repo": "flakes",
        "type": "github"
      }
    },
    "nixpkgs": {
      "locked": {
        "lastModified": 1672269866,
        "narHash": "sha256-GpVlIM5y4GrvyLSLxMU7gt3kphUoEbercUcAxLU2z4I=",
        "owner": "NixOS",
        "repo": "nixpkgs",
        "rev": "1bb598fb4588b8752674bfbddcf9403daf2d6e09",
        "type": "github"
      },
      "original": {
        "owner": "NixOS",
        "repo": "nixpkgs",
        "rev": "1bb598fb4588b8752674bfbddcf9403daf2d6e09",
        "type": "github"
      }
    },
    "nixpkgs_": {
      "inputs": {
        "nixpkgs": "nixpkgs"
      },
      "locked": {
        "dir": "source-flake/nixpkgs",
        "lastModified": 1673125105,
        "narHash": "sha256-VcuPO1Ta5u9Xr1cE2uMql2GuC9jpp2b/y9C5NuWjvlk=",
        "owner": "deemp",
        "repo": "flakes",
        "rev": "76ee477186ec935b1023723c2b31bdd08f2c7949",
        "type": "github"
      },
      "original": {
        "dir": "source-flake/nixpkgs",
        "owner": "deemp",
        "repo": "flakes",
        "type": "github"
      }
    },
    "root": {
      "inputs": {
        "vscode-extensions-selected": "vscode-extensions-selected"
      }
    },
    "vscode-extensions-selected": {
      "inputs": {
        "flake-utils": [
          "vscode-extensions-selected",
          "flake-utils_",
          "flake-utils"
        ],
        "flake-utils_": "flake-utils_",
        "nixpkgs": [
          "vscode-extensions-selected",
          "nixpkgs_",
          "nixpkgs"
        ],
        "nixpkgs_": "nixpkgs_"
      },
      "locked": {
        "lastModified": 1673125971,
        "narHash": "sha256-kwa0hSbjF3P9gM2eLDo1PSptH4h1CgxeRug6Qf2jrZ8=",
        "owner": "deemp",
        "repo": "nix-vscode-extensions",
        "rev": "55d2f36aa4c945fa3bd421f67a81ffd3574c1507",
        "type": "github"
      },
      "original": {
        "owner": "deemp",
        "repo": "nix-vscode-extensions",
        "rev": "55d2f36aa4c945fa3bd421f67a81ffd3574c1507",
        "type": "github"
      }
    }
  },
  "root": "root",
  "version": 7
}
