{
  "nodes": {
    "drv-tools": {
      "inputs": {
        "flake-utils": [
          "drv-tools",
          "flake-utils_",
          "flake-utils"
        ],
        "flake-utils_": "flake-utils_",
        "nixpkgs": [
          "drv-tools",
          "nixpkgs_",
          "nixpkgs"
        ],
        "nixpkgs_": "nixpkgs_"
      },
      "locked": {
        "dir": "drv-tools",
        "lastModified": 1672759765,
        "narHash": "sha256-biabKyBq/ssHaR6j9nNS7yesEnYTSjh1Q751WhL4bC8=",
        "owner": "deemp",
        "repo": "flakes",
        "rev": "b3863d978e20d0e5817028468718a06dbd91dc7f",
        "type": "github"
      },
      "original": {
        "dir": "drv-tools",
        "owner": "deemp",
        "repo": "flakes",
        "type": "github"
      }
    },
    "flake-utils": {
      "locked": {
        "lastModified": 1667395993,
        "narHash": "sha256-nuEHfE/LcWyuSWnS8t12N1wc105Qtau+/OdUAjtQ0rA=",
        "owner": "numtide",
        "repo": "flake-utils",
        "rev": "5aed5285a952e0b949eb3ba02c12fa4fcfef535f",
        "type": "github"
      },
      "original": {
        "owner": "numtide",
        "repo": "flake-utils",
        "type": "github"
      }
    },
    "flake-utils_": {
      "inputs": {
        "flake-utils": "flake-utils"
      },
      "locked": {
        "dir": "source-flake/flake-utils",
        "lastModified": 1672759644,
        "narHash": "sha256-pE/0p3al+oUtfhkLDmDDmzhmHirDHCKo1/lQiRoOnN0=",
        "owner": "deemp",
        "repo": "flakes",
        "rev": "363e1106856a541aa8b0795b36e253051a45fe6b",
        "type": "github"
      },
      "original": {
        "dir": "source-flake/flake-utils",
        "owner": "deemp",
        "repo": "flakes",
        "type": "github"
      }
    },
    "flake-utils_2": {
      "locked": {
        "lastModified": 1667395993,
        "narHash": "sha256-nuEHfE/LcWyuSWnS8t12N1wc105Qtau+/OdUAjtQ0rA=",
        "owner": "numtide",
        "repo": "flake-utils",
        "rev": "5aed5285a952e0b949eb3ba02c12fa4fcfef535f",
        "type": "github"
      },
      "original": {
        "owner": "numtide",
        "repo": "flake-utils",
        "type": "github"
      }
    },
    "flake-utils__2": {
      "inputs": {
        "flake-utils": "flake-utils_2"
      },
      "locked": {
        "dir": "source-flake/flake-utils",
        "lastModified": 1672759765,
        "narHash": "sha256-biabKyBq/ssHaR6j9nNS7yesEnYTSjh1Q751WhL4bC8=",
        "owner": "deemp",
        "repo": "flakes",
        "rev": "b3863d978e20d0e5817028468718a06dbd91dc7f",
        "type": "github"
      },
      "original": {
        "dir": "source-flake/flake-utils",
        "owner": "deemp",
        "repo": "flakes",
        "type": "github"
      }
    },
    "nixpkgs": {
      "locked": {
        "lastModified": 1672269866,
        "narHash": "sha256-GpVlIM5y4GrvyLSLxMU7gt3kphUoEbercUcAxLU2z4I=",
        "owner": "NixOS",
        "repo": "nixpkgs",
        "rev": "1bb598fb4588b8752674bfbddcf9403daf2d6e09",
        "type": "github"
      },
      "original": {
        "owner": "NixOS",
        "repo": "nixpkgs",
        "rev": "1bb598fb4588b8752674bfbddcf9403daf2d6e09",
        "type": "github"
      }
    },
    "nixpkgs_": {
      "inputs": {
        "nixpkgs": "nixpkgs"
      },
      "locked": {
        "dir": "source-flake/nixpkgs",
        "lastModified": 1672759644,
        "narHash": "sha256-pE/0p3al+oUtfhkLDmDDmzhmHirDHCKo1/lQiRoOnN0=",
        "owner": "deemp",
        "repo": "flakes",
        "rev": "363e1106856a541aa8b0795b36e253051a45fe6b",
        "type": "github"
      },
      "original": {
        "dir": "source-flake/nixpkgs",
        "owner": "deemp",
        "repo": "flakes",
        "type": "github"
      }
    },
    "nixpkgs_2": {
      "locked": {
        "lastModified": 1672269866,
        "narHash": "sha256-GpVlIM5y4GrvyLSLxMU7gt3kphUoEbercUcAxLU2z4I=",
        "owner": "NixOS",
        "repo": "nixpkgs",
        "rev": "1bb598fb4588b8752674bfbddcf9403daf2d6e09",
        "type": "github"
      },
      "original": {
        "owner": "NixOS",
        "repo": "nixpkgs",
        "rev": "1bb598fb4588b8752674bfbddcf9403daf2d6e09",
        "type": "github"
      }
    },
    "nixpkgs__2": {
      "inputs": {
        "nixpkgs": "nixpkgs_2"
      },
      "locked": {
        "dir": "source-flake/nixpkgs",
        "lastModified": 1672759765,
        "narHash": "sha256-biabKyBq/ssHaR6j9nNS7yesEnYTSjh1Q751WhL4bC8=",
        "owner": "deemp",
        "repo": "flakes",
        "rev": "b3863d978e20d0e5817028468718a06dbd91dc7f",
        "type": "github"
      },
      "original": {
        "dir": "source-flake/nixpkgs",
        "owner": "deemp",
        "repo": "flakes",
        "type": "github"
      }
    },
    "root": {
      "inputs": {
        "drv-tools": "drv-tools",
        "flake-utils": [
          "flake-utils_",
          "flake-utils"
        ],
        "flake-utils_": "flake-utils__2",
        "nixpkgs": [
          "nixpkgs_",
          "nixpkgs"
        ],
        "nixpkgs_": "nixpkgs__2"
      }
    }
  },
  "root": "root",
  "version": 7
}
