{
  "nodes": {
    "drv-tools": {
      "inputs": {
        "flake-utils": [
          "drv-tools",
          "flake-utils_",
          "flake-utils"
        ],
        "flake-utils_": "flake-utils_",
        "nixpkgs": [
          "drv-tools",
          "nixpkgs_",
          "nixpkgs"
        ],
        "nixpkgs_": "nixpkgs_"
      },
      "locked": {
        "dir": "drv-tools",
        "lastModified": 1685697190,
        "narHash": "sha256-/a1QoLkPtktMq62MeMpmgxHVjJoCHaUveJNK/Yz0XsE=",
        "owner": "deemp",
        "repo": "flakes",
        "rev": "923c68b1a68d4716b419ca02c3522ad515e8d96d",
        "type": "github"
      },
      "original": {
        "dir": "drv-tools",
        "owner": "deemp",
        "repo": "flakes",
        "type": "github"
      }
    },
    "flake-utils": {
      "inputs": {
        "systems": "systems"
      },
      "locked": {
        "lastModified": 1681202837,
        "narHash": "sha256-H+Rh19JDwRtpVPAWp64F+rlEtxUWBAQW28eAi3SRSzg=",
        "owner": "numtide",
        "repo": "flake-utils",
        "rev": "cfacdce06f30d2b68473a46042957675eebb3401",
        "type": "github"
      },
      "original": {
        "owner": "numtide",
        "repo": "flake-utils",
        "type": "github"
      }
    },
    "flake-utils_": {
      "inputs": {
        "flake-utils": "flake-utils"
      },
      "locked": {
        "dir": "source-flake/flake-utils",
        "lastModified": 1684835297,
        "narHash": "sha256-EHkL7hsdRM2I4uFuPkGWoO8HV//GkQFS4Wn/YIdNO7o=",
        "owner": "deemp",
        "repo": "flakes",
        "rev": "de854d98171e19a4ad8fa6b7a3620ff78792bdf3",
        "type": "github"
      },
      "original": {
        "dir": "source-flake/flake-utils",
        "owner": "deemp",
        "repo": "flakes",
        "type": "github"
      }
    },
    "flake-utils_2": {
      "inputs": {
        "systems": "systems_2"
      },
      "locked": {
        "lastModified": 1685518550,
        "narHash": "sha256-o2d0KcvaXzTrPRIo0kOLV0/QXHhDQ5DTi+OxcjO8xqY=",
        "owner": "numtide",
        "repo": "flake-utils",
        "rev": "a1720a10a6cfe8234c0e93907ffe81be440f4cef",
        "type": "github"
      },
      "original": {
        "owner": "numtide",
        "repo": "flake-utils",
        "type": "github"
      }
    },
    "flake-utils__2": {
      "inputs": {
        "flake-utils": "flake-utils_2"
      },
      "locked": {
        "dir": "source-flake/flake-utils",
        "lastModified": 1685697190,
        "narHash": "sha256-/a1QoLkPtktMq62MeMpmgxHVjJoCHaUveJNK/Yz0XsE=",
        "owner": "deemp",
        "repo": "flakes",
        "rev": "923c68b1a68d4716b419ca02c3522ad515e8d96d",
        "type": "github"
      },
      "original": {
        "dir": "source-flake/flake-utils",
        "owner": "deemp",
        "repo": "flakes",
        "type": "github"
      }
    },
    "nixpkgs": {
      "locked": {
        "lastModified": 1683686518,
        "narHash": "sha256-ieG0J4GCUqOE9Wo8cNSsa1Ev9QKMLrHANOlu22v17bo=",
        "owner": "NixOS",
        "repo": "nixpkgs",
        "rev": "12ba1a5f90b16acdca741ac82d8204b3ec8c2aaf",
        "type": "github"
      },
      "original": {
        "owner": "NixOS",
        "repo": "nixpkgs",
        "rev": "12ba1a5f90b16acdca741ac82d8204b3ec8c2aaf",
        "type": "github"
      }
    },
    "nixpkgs_": {
      "inputs": {
        "nixpkgs": "nixpkgs"
      },
      "locked": {
        "dir": "source-flake/nixpkgs",
        "lastModified": 1684835297,
        "narHash": "sha256-EHkL7hsdRM2I4uFuPkGWoO8HV//GkQFS4Wn/YIdNO7o=",
        "owner": "deemp",
        "repo": "flakes",
        "rev": "de854d98171e19a4ad8fa6b7a3620ff78792bdf3",
        "type": "github"
      },
      "original": {
        "dir": "source-flake/nixpkgs",
        "owner": "deemp",
        "repo": "flakes",
        "type": "github"
      }
    },
    "nixpkgs_2": {
      "locked": {
        "lastModified": 1683686518,
        "narHash": "sha256-ieG0J4GCUqOE9Wo8cNSsa1Ev9QKMLrHANOlu22v17bo=",
        "owner": "NixOS",
        "repo": "nixpkgs",
        "rev": "12ba1a5f90b16acdca741ac82d8204b3ec8c2aaf",
        "type": "github"
      },
      "original": {
        "owner": "NixOS",
        "repo": "nixpkgs",
        "rev": "12ba1a5f90b16acdca741ac82d8204b3ec8c2aaf",
        "type": "github"
      }
    },
    "nixpkgs__2": {
      "inputs": {
        "nixpkgs": "nixpkgs_2"
      },
      "locked": {
        "dir": "source-flake/nixpkgs",
        "lastModified": 1685697190,
        "narHash": "sha256-/a1QoLkPtktMq62MeMpmgxHVjJoCHaUveJNK/Yz0XsE=",
        "owner": "deemp",
        "repo": "flakes",
        "rev": "923c68b1a68d4716b419ca02c3522ad515e8d96d",
        "type": "github"
      },
      "original": {
        "dir": "source-flake/nixpkgs",
        "owner": "deemp",
        "repo": "flakes",
        "type": "github"
      }
    },
    "root": {
      "inputs": {
        "drv-tools": "drv-tools",
        "flake-utils": [
          "flake-utils_",
          "flake-utils"
        ],
        "flake-utils_": "flake-utils__2",
        "nixpkgs": [
          "nixpkgs_",
          "nixpkgs"
        ],
        "nixpkgs_": "nixpkgs__2"
      }
    },
    "systems": {
      "locked": {
        "lastModified": 1681028828,
        "narHash": "sha256-Vy1rq5AaRuLzOxct8nz4T6wlgyUR7zLU309k9mBC768=",
        "owner": "nix-systems",
        "repo": "default",
        "rev": "da67096a3b9bf56a91d16901293e51ba5b49a27e",
        "type": "github"
      },
      "original": {
        "owner": "nix-systems",
        "repo": "default",
        "type": "github"
      }
    },
    "systems_2": {
      "locked": {
        "lastModified": 1681028828,
        "narHash": "sha256-Vy1rq5AaRuLzOxct8nz4T6wlgyUR7zLU309k9mBC768=",
        "owner": "nix-systems",
        "repo": "default",
        "rev": "da67096a3b9bf56a91d16901293e51ba5b49a27e",
        "type": "github"
      },
      "original": {
        "owner": "nix-systems",
        "repo": "default",
        "type": "github"
      }
    }
  },
  "root": "root",
  "version": 7
}
