{
  "nodes": {
    "nixpkgs": {
      "locked": {
        "lastModified": 1704321053,
        "narHash": "sha256-r8KVHIxSA9hB4KNGyAf2ltEJXpDELX5Q1sIXpWAf9Tg=",
        "owner": "NixOS",
        "repo": "nixpkgs",
        "rev": "efc960b6d6a6498c23868f4ba59fcb8bb51c9861",
        "type": "github"
      },
      "original": {
        "owner": "NixOS",
        "repo": "nixpkgs",
        "rev": "efc960b6d6a6498c23868f4ba59fcb8bb51c9861",
        "type": "github"
      }
    },
    "root": {
      "inputs": {
        "nixpkgs": "nixpkgs"
      }
    }
  },
  "root": "root",
  "version": 7
}
