{
  "nodes": {
    "flakes": {
      "locked": {
        "lastModified": 1690043041,
        "narHash": "sha256-xsiXtU3V15iRU6UucPgcKlRCsmiqJ4dZjd+tOj1W2xw=",
        "owner": "deemp",
        "repo": "flakes",
        "rev": "9e20bcb40f2c35a6d02f7cc72e653d5dacffcb53",
        "type": "github"
      },
      "original": {
        "owner": "deemp",
        "repo": "flakes",
        "type": "github"
      }
    },
    "root": {
      "inputs": {
        "flakes": "flakes"
      }
    }
  },
  "root": "root",
  "version": 7
}
