{
  "nodes": {
    "flakes": {
      "locked": {
        "lastModified": 1694856072,
        "narHash": "sha256-z5qa4vdGDg65AGaZ9jBCKoInTmrwI/aARkEU1ZPMu5o=",
        "owner": "deemp",
        "repo": "flakes",
        "rev": "7489db2396591c1c3346d863d9bed631ae6404f1",
        "type": "github"
      },
      "original": {
        "owner": "deemp",
        "repo": "flakes",
        "type": "github"
      }
    },
    "root": {
      "inputs": {
        "flakes": "flakes"
      }
    }
  },
  "root": "root",
  "version": 7
}
