{
  "nodes": {
    "flakes": {
      "locked": {
        "lastModified": 1688932096,
        "narHash": "sha256-bluZCcDXMcLqoUmez5KNnRiCJz1UV9Y2P9MT3RjdmHo=",
        "owner": "deemp",
        "repo": "flakes",
        "rev": "329f3515cda8d5f508c7c86529d6345a57f7f6fa",
        "type": "github"
      },
      "original": {
        "owner": "deemp",
        "repo": "flakes",
        "type": "github"
      }
    },
    "root": {
      "inputs": {
        "flakes": "flakes"
      }
    }
  },
  "root": "root",
  "version": 7
}
