{
  "nodes": {
    "cachix": {
      "locked": {
        "lastModified": 1665647492,
        "narHash": "sha256-lmVz/50ODqV4h08Xc8dpATwgD1pO/fou+M2KrSXBHSQ=",
        "owner": "cachix",
        "repo": "cachix",
        "rev": "f6fe5df6d96e45359a1e5c448272cfc7e0566da0",
        "type": "github"
      },
      "original": {
        "owner": "cachix",
        "repo": "cachix",
        "rev": "f6fe5df6d96e45359a1e5c448272cfc7e0566da0",
        "type": "github"
      }
    },
    "cachix_": {
      "inputs": {
        "cachix": "cachix"
      },
      "locked": {
        "dir": "source-flake/cachix",
        "lastModified": 1668817265,
        "narHash": "sha256-CgalWlvh6g/KuUhMmbebpZFpACTMqBHob31yRf4SRWo=",
        "owner": "br4ch1st0chr0n3",
        "repo": "flakes",
        "rev": "9341900a488fc9feee15da0a0733d0ecd9e30310",
        "type": "github"
      },
      "original": {
        "dir": "source-flake/cachix",
        "owner": "br4ch1st0chr0n3",
        "repo": "flakes",
        "type": "github"
      }
    },
    "drv-tools": {
      "inputs": {
        "flake-utils": [
          "drv-tools",
          "flake-utils_",
          "flake-utils"
        ],
        "flake-utils_": "flake-utils_",
        "nixpkgs": [
          "drv-tools",
          "nixpkgs_",
          "nixpkgs"
        ],
        "nixpkgs_": "nixpkgs_"
      },
      "locked": {
        "dir": "drv-tools",
        "lastModified": 1668817336,
        "narHash": "sha256-BHvqMy6ys2fm9QYoUskMfPeaDO5R3ShOFa+czrGmtp8=",
        "owner": "br4ch1st0chr0n3",
        "repo": "flakes",
        "rev": "2ac6a86ae1269a2d2faf21e6842bb998105b35a9",
        "type": "github"
      },
      "original": {
        "dir": "drv-tools",
        "owner": "br4ch1st0chr0n3",
        "repo": "flakes",
        "type": "github"
      }
    },
    "drv-tools_2": {
      "inputs": {
        "flake-utils": [
          "flakes-tools",
          "drv-tools",
          "flake-utils_",
          "flake-utils"
        ],
        "flake-utils_": "flake-utils__3",
        "nixpkgs": [
          "flakes-tools",
          "drv-tools",
          "nixpkgs_",
          "nixpkgs"
        ],
        "nixpkgs_": "nixpkgs__2"
      },
      "locked": {
        "dir": "drv-tools",
        "lastModified": 1668817265,
        "narHash": "sha256-CgalWlvh6g/KuUhMmbebpZFpACTMqBHob31yRf4SRWo=",
        "owner": "br4ch1st0chr0n3",
        "repo": "flakes",
        "rev": "9341900a488fc9feee15da0a0733d0ecd9e30310",
        "type": "github"
      },
      "original": {
        "dir": "drv-tools",
        "owner": "br4ch1st0chr0n3",
        "repo": "flakes",
        "type": "github"
      }
    },
    "flake-utils": {
      "locked": {
        "lastModified": 1667395993,
        "narHash": "sha256-nuEHfE/LcWyuSWnS8t12N1wc105Qtau+/OdUAjtQ0rA=",
        "owner": "numtide",
        "repo": "flake-utils",
        "rev": "5aed5285a952e0b949eb3ba02c12fa4fcfef535f",
        "type": "github"
      },
      "original": {
        "owner": "numtide",
        "repo": "flake-utils",
        "type": "github"
      }
    },
    "flake-utils_": {
      "inputs": {
        "flake-utils": "flake-utils"
      },
      "locked": {
        "dir": "source-flake/flake-utils",
        "lastModified": 1668817265,
        "narHash": "sha256-CgalWlvh6g/KuUhMmbebpZFpACTMqBHob31yRf4SRWo=",
        "owner": "br4ch1st0chr0n3",
        "repo": "flakes",
        "rev": "9341900a488fc9feee15da0a0733d0ecd9e30310",
        "type": "github"
      },
      "original": {
        "dir": "source-flake/flake-utils",
        "owner": "br4ch1st0chr0n3",
        "repo": "flakes",
        "type": "github"
      }
    },
    "flake-utils_2": {
      "locked": {
        "lastModified": 1667395993,
        "narHash": "sha256-nuEHfE/LcWyuSWnS8t12N1wc105Qtau+/OdUAjtQ0rA=",
        "owner": "numtide",
        "repo": "flake-utils",
        "rev": "5aed5285a952e0b949eb3ba02c12fa4fcfef535f",
        "type": "github"
      },
      "original": {
        "owner": "numtide",
        "repo": "flake-utils",
        "type": "github"
      }
    },
    "flake-utils_3": {
      "locked": {
        "lastModified": 1667395993,
        "narHash": "sha256-nuEHfE/LcWyuSWnS8t12N1wc105Qtau+/OdUAjtQ0rA=",
        "owner": "numtide",
        "repo": "flake-utils",
        "rev": "5aed5285a952e0b949eb3ba02c12fa4fcfef535f",
        "type": "github"
      },
      "original": {
        "owner": "numtide",
        "repo": "flake-utils",
        "type": "github"
      }
    },
    "flake-utils_4": {
      "locked": {
        "lastModified": 1667395993,
        "narHash": "sha256-nuEHfE/LcWyuSWnS8t12N1wc105Qtau+/OdUAjtQ0rA=",
        "owner": "numtide",
        "repo": "flake-utils",
        "rev": "5aed5285a952e0b949eb3ba02c12fa4fcfef535f",
        "type": "github"
      },
      "original": {
        "owner": "numtide",
        "repo": "flake-utils",
        "type": "github"
      }
    },
    "flake-utils__2": {
      "inputs": {
        "flake-utils": "flake-utils_2"
      },
      "locked": {
        "dir": "source-flake/flake-utils",
        "lastModified": 1668817336,
        "narHash": "sha256-BHvqMy6ys2fm9QYoUskMfPeaDO5R3ShOFa+czrGmtp8=",
        "owner": "br4ch1st0chr0n3",
        "repo": "flakes",
        "rev": "2ac6a86ae1269a2d2faf21e6842bb998105b35a9",
        "type": "github"
      },
      "original": {
        "dir": "source-flake/flake-utils",
        "owner": "br4ch1st0chr0n3",
        "repo": "flakes",
        "type": "github"
      }
    },
    "flake-utils__3": {
      "inputs": {
        "flake-utils": "flake-utils_3"
      },
      "locked": {
        "dir": "source-flake/flake-utils",
        "lastModified": 1668815743,
        "narHash": "sha256-BFBUJu4n8DFecU8y50EEv7xzAfdImFCr79u80YNEw8E=",
        "owner": "br4ch1st0chr0n3",
        "repo": "flakes",
        "rev": "2fb3a2706babf21c90b45fc4984bbebe63da4419",
        "type": "github"
      },
      "original": {
        "dir": "source-flake/flake-utils",
        "owner": "br4ch1st0chr0n3",
        "repo": "flakes",
        "type": "github"
      }
    },
    "flake-utils__4": {
      "inputs": {
        "flake-utils": "flake-utils_4"
      },
      "locked": {
        "dir": "source-flake/flake-utils",
        "lastModified": 1668817265,
        "narHash": "sha256-CgalWlvh6g/KuUhMmbebpZFpACTMqBHob31yRf4SRWo=",
        "owner": "br4ch1st0chr0n3",
        "repo": "flakes",
        "rev": "9341900a488fc9feee15da0a0733d0ecd9e30310",
        "type": "github"
      },
      "original": {
        "dir": "source-flake/flake-utils",
        "owner": "br4ch1st0chr0n3",
        "repo": "flakes",
        "type": "github"
      }
    },
    "flakes-tools": {
      "inputs": {
        "cachix": [
          "flakes-tools",
          "cachix_",
          "cachix"
        ],
        "cachix_": "cachix_",
        "drv-tools": "drv-tools_2",
        "flake-utils": [
          "flakes-tools",
          "flake-utils_",
          "flake-utils"
        ],
        "flake-utils_": "flake-utils__4",
        "nixpkgs": [
          "flakes-tools",
          "nixpkgs_",
          "nixpkgs"
        ],
        "nixpkgs_": "nixpkgs__3"
      },
      "locked": {
        "dir": "flakes-tools",
        "lastModified": 1668817336,
        "narHash": "sha256-BHvqMy6ys2fm9QYoUskMfPeaDO5R3ShOFa+czrGmtp8=",
        "owner": "br4ch1st0chr0n3",
        "repo": "flakes",
        "rev": "2ac6a86ae1269a2d2faf21e6842bb998105b35a9",
        "type": "github"
      },
      "original": {
        "dir": "flakes-tools",
        "owner": "br4ch1st0chr0n3",
        "repo": "flakes",
        "type": "github"
      }
    },
    "nixpkgs": {
      "locked": {
        "lastModified": 1667758139,
        "narHash": "sha256-CbDAP6wttlaVs9s4DPZlJ5Wf6Ozz9lX7SdJVtFA8cAo=",
        "owner": "NixOS",
        "repo": "nixpkgs",
        "rev": "8993cc730d11148ef59e84a8f15f94f688e1bfd1",
        "type": "github"
      },
      "original": {
        "owner": "NixOS",
        "repo": "nixpkgs",
        "rev": "8993cc730d11148ef59e84a8f15f94f688e1bfd1",
        "type": "github"
      }
    },
    "nixpkgs_": {
      "inputs": {
        "nixpkgs": "nixpkgs"
      },
      "locked": {
        "dir": "source-flake/nixpkgs",
        "lastModified": 1668817265,
        "narHash": "sha256-CgalWlvh6g/KuUhMmbebpZFpACTMqBHob31yRf4SRWo=",
        "owner": "br4ch1st0chr0n3",
        "repo": "flakes",
        "rev": "9341900a488fc9feee15da0a0733d0ecd9e30310",
        "type": "github"
      },
      "original": {
        "dir": "source-flake/nixpkgs",
        "owner": "br4ch1st0chr0n3",
        "repo": "flakes",
        "type": "github"
      }
    },
    "nixpkgs_2": {
      "locked": {
        "lastModified": 1667758139,
        "narHash": "sha256-CbDAP6wttlaVs9s4DPZlJ5Wf6Ozz9lX7SdJVtFA8cAo=",
        "owner": "NixOS",
        "repo": "nixpkgs",
        "rev": "8993cc730d11148ef59e84a8f15f94f688e1bfd1",
        "type": "github"
      },
      "original": {
        "owner": "NixOS",
        "repo": "nixpkgs",
        "rev": "8993cc730d11148ef59e84a8f15f94f688e1bfd1",
        "type": "github"
      }
    },
    "nixpkgs_3": {
      "locked": {
        "lastModified": 1667758139,
        "narHash": "sha256-CbDAP6wttlaVs9s4DPZlJ5Wf6Ozz9lX7SdJVtFA8cAo=",
        "owner": "NixOS",
        "repo": "nixpkgs",
        "rev": "8993cc730d11148ef59e84a8f15f94f688e1bfd1",
        "type": "github"
      },
      "original": {
        "owner": "NixOS",
        "repo": "nixpkgs",
        "rev": "8993cc730d11148ef59e84a8f15f94f688e1bfd1",
        "type": "github"
      }
    },
    "nixpkgs_4": {
      "locked": {
        "lastModified": 1667758139,
        "narHash": "sha256-CbDAP6wttlaVs9s4DPZlJ5Wf6Ozz9lX7SdJVtFA8cAo=",
        "owner": "NixOS",
        "repo": "nixpkgs",
        "rev": "8993cc730d11148ef59e84a8f15f94f688e1bfd1",
        "type": "github"
      },
      "original": {
        "owner": "NixOS",
        "repo": "nixpkgs",
        "rev": "8993cc730d11148ef59e84a8f15f94f688e1bfd1",
        "type": "github"
      }
    },
    "nixpkgs__2": {
      "inputs": {
        "nixpkgs": "nixpkgs_2"
      },
      "locked": {
        "dir": "source-flake/nixpkgs",
        "lastModified": 1668815743,
        "narHash": "sha256-BFBUJu4n8DFecU8y50EEv7xzAfdImFCr79u80YNEw8E=",
        "owner": "br4ch1st0chr0n3",
        "repo": "flakes",
        "rev": "2fb3a2706babf21c90b45fc4984bbebe63da4419",
        "type": "github"
      },
      "original": {
        "dir": "source-flake/nixpkgs",
        "owner": "br4ch1st0chr0n3",
        "repo": "flakes",
        "type": "github"
      }
    },
    "nixpkgs__3": {
      "inputs": {
        "nixpkgs": "nixpkgs_3"
      },
      "locked": {
        "dir": "source-flake/nixpkgs",
        "lastModified": 1668817265,
        "narHash": "sha256-CgalWlvh6g/KuUhMmbebpZFpACTMqBHob31yRf4SRWo=",
        "owner": "br4ch1st0chr0n3",
        "repo": "flakes",
        "rev": "9341900a488fc9feee15da0a0733d0ecd9e30310",
        "type": "github"
      },
      "original": {
        "dir": "source-flake/nixpkgs",
        "owner": "br4ch1st0chr0n3",
        "repo": "flakes",
        "type": "github"
      }
    },
    "nixpkgs__4": {
      "inputs": {
        "nixpkgs": "nixpkgs_4"
      },
      "locked": {
        "dir": "source-flake/nixpkgs",
        "lastModified": 1668817336,
        "narHash": "sha256-BHvqMy6ys2fm9QYoUskMfPeaDO5R3ShOFa+czrGmtp8=",
        "owner": "br4ch1st0chr0n3",
        "repo": "flakes",
        "rev": "2ac6a86ae1269a2d2faf21e6842bb998105b35a9",
        "type": "github"
      },
      "original": {
        "dir": "source-flake/nixpkgs",
        "owner": "br4ch1st0chr0n3",
        "repo": "flakes",
        "type": "github"
      }
    },
    "root": {
      "inputs": {
        "drv-tools": "drv-tools",
        "flake-utils": [
          "flake-utils_",
          "flake-utils"
        ],
        "flake-utils_": "flake-utils__2",
        "flakes-tools": "flakes-tools",
        "nixpkgs": [
          "nixpkgs_",
          "nixpkgs"
        ],
        "nixpkgs_": "nixpkgs__4"
      }
    }
  },
  "root": "root",
  "version": 7
}
