{
  "nodes": {
    "cachix": {
      "locked": {
        "lastModified": 1665647492,
        "narHash": "sha256-lmVz/50ODqV4h08Xc8dpATwgD1pO/fou+M2KrSXBHSQ=",
        "owner": "cachix",
        "repo": "cachix",
        "rev": "f6fe5df6d96e45359a1e5c448272cfc7e0566da0",
        "type": "github"
      },
      "original": {
        "owner": "cachix",
        "repo": "cachix",
        "rev": "f6fe5df6d96e45359a1e5c448272cfc7e0566da0",
        "type": "github"
      }
    },
    "cachix_": {
      "inputs": {
        "cachix": "cachix"
      },
      "locked": {
        "dir": "source-flake/cachix",
        "lastModified": 1666286265,
        "narHash": "sha256-bKPvAgNSlWo8DPTzDAgln5/Uw5LBfQ2EAN6QogIVXn4=",
        "owner": "br4ch1st0chr0n3",
        "repo": "flakes",
        "rev": "2807eea19d05020f15f71cb5192ac0288d52f8c2",
        "type": "github"
      },
      "original": {
        "dir": "source-flake/cachix",
        "owner": "br4ch1st0chr0n3",
        "repo": "flakes",
        "type": "github"
      }
    },
    "drv-tools": {
      "inputs": {
        "flake-utils": [
          "drv-tools",
          "flake-utils_",
          "flake-utils"
        ],
        "flake-utils_": "flake-utils_",
        "nixpkgs": [
          "drv-tools",
          "nixpkgs_",
          "nixpkgs"
        ],
        "nixpkgs_": "nixpkgs_"
      },
      "locked": {
        "dir": "drv-tools",
        "lastModified": 1666318036,
        "narHash": "sha256-tGruDVLd8OQofQQ0NBYcwn+FZVKmv26YKdxnqJsKeQM=",
        "owner": "br4ch1st0chr0n3",
        "repo": "flakes",
        "rev": "9d7e006c02fd2f16f52a9065a9d80e8010943cbf",
        "type": "github"
      },
      "original": {
        "dir": "drv-tools",
        "owner": "br4ch1st0chr0n3",
        "repo": "flakes",
        "type": "github"
      }
    },
    "drv-tools_2": {
      "inputs": {
        "flake-utils": [
          "flake-tools",
          "drv-tools",
          "flake-utils_",
          "flake-utils"
        ],
        "flake-utils_": "flake-utils__2",
        "nixpkgs": [
          "flake-tools",
          "drv-tools",
          "nixpkgs_",
          "nixpkgs"
        ],
        "nixpkgs_": "nixpkgs__2"
      },
      "locked": {
        "dir": "drv-tools",
        "lastModified": 1666286265,
        "narHash": "sha256-bKPvAgNSlWo8DPTzDAgln5/Uw5LBfQ2EAN6QogIVXn4=",
        "owner": "br4ch1st0chr0n3",
        "repo": "flakes",
        "rev": "2807eea19d05020f15f71cb5192ac0288d52f8c2",
        "type": "github"
      },
      "original": {
        "dir": "drv-tools",
        "owner": "br4ch1st0chr0n3",
        "repo": "flakes",
        "type": "github"
      }
    },
    "flake-tools": {
      "inputs": {
        "cachix": [
          "flake-tools",
          "cachix_",
          "cachix"
        ],
        "cachix_": "cachix_",
        "drv-tools": "drv-tools_2",
        "flake-utils": [
          "flake-tools",
          "flake-utils_",
          "flake-utils"
        ],
        "flake-utils_": "flake-utils__3",
        "nixpkgs": [
          "flake-tools",
          "nixpkgs_",
          "nixpkgs"
        ],
        "nixpkgs_": "nixpkgs__3"
      },
      "locked": {
        "dir": "flake-tools",
        "lastModified": 1666318036,
        "narHash": "sha256-tGruDVLd8OQofQQ0NBYcwn+FZVKmv26YKdxnqJsKeQM=",
        "owner": "br4ch1st0chr0n3",
        "repo": "flakes",
        "rev": "9d7e006c02fd2f16f52a9065a9d80e8010943cbf",
        "type": "github"
      },
      "original": {
        "dir": "flake-tools",
        "owner": "br4ch1st0chr0n3",
        "repo": "flakes",
        "type": "github"
      }
    },
    "flake-utils": {
      "locked": {
        "lastModified": 1659877975,
        "narHash": "sha256-zllb8aq3YO3h8B/U0/J1WBgAL8EX5yWf5pMj3G0NAmc=",
        "owner": "numtide",
        "repo": "flake-utils",
        "rev": "c0e246b9b83f637f4681389ecabcb2681b4f3af0",
        "type": "github"
      },
      "original": {
        "owner": "numtide",
        "repo": "flake-utils",
        "type": "github"
      }
    },
    "flake-utils_": {
      "inputs": {
        "flake-utils": "flake-utils"
      },
      "locked": {
        "dir": "source-flake/flake-utils",
        "lastModified": 1666286265,
        "narHash": "sha256-bKPvAgNSlWo8DPTzDAgln5/Uw5LBfQ2EAN6QogIVXn4=",
        "owner": "br4ch1st0chr0n3",
        "repo": "flakes",
        "rev": "2807eea19d05020f15f71cb5192ac0288d52f8c2",
        "type": "github"
      },
      "original": {
        "dir": "source-flake/flake-utils",
        "owner": "br4ch1st0chr0n3",
        "repo": "flakes",
        "type": "github"
      }
    },
    "flake-utils_2": {
      "locked": {
        "lastModified": 1659877975,
        "narHash": "sha256-zllb8aq3YO3h8B/U0/J1WBgAL8EX5yWf5pMj3G0NAmc=",
        "owner": "numtide",
        "repo": "flake-utils",
        "rev": "c0e246b9b83f637f4681389ecabcb2681b4f3af0",
        "type": "github"
      },
      "original": {
        "owner": "numtide",
        "repo": "flake-utils",
        "type": "github"
      }
    },
    "flake-utils_3": {
      "locked": {
        "lastModified": 1659877975,
        "narHash": "sha256-zllb8aq3YO3h8B/U0/J1WBgAL8EX5yWf5pMj3G0NAmc=",
        "owner": "numtide",
        "repo": "flake-utils",
        "rev": "c0e246b9b83f637f4681389ecabcb2681b4f3af0",
        "type": "github"
      },
      "original": {
        "owner": "numtide",
        "repo": "flake-utils",
        "type": "github"
      }
    },
    "flake-utils_4": {
      "locked": {
        "lastModified": 1659877975,
        "narHash": "sha256-zllb8aq3YO3h8B/U0/J1WBgAL8EX5yWf5pMj3G0NAmc=",
        "owner": "numtide",
        "repo": "flake-utils",
        "rev": "c0e246b9b83f637f4681389ecabcb2681b4f3af0",
        "type": "github"
      },
      "original": {
        "owner": "numtide",
        "repo": "flake-utils",
        "type": "github"
      }
    },
    "flake-utils__2": {
      "inputs": {
        "flake-utils": "flake-utils_2"
      },
      "locked": {
        "dir": "source-flake/flake-utils",
        "lastModified": 1666286198,
        "narHash": "sha256-R0GHutZeTO0H3eiBKdWJZ+zBxpPE/dmTD0v1/WPU8Ik=",
        "owner": "br4ch1st0chr0n3",
        "repo": "flakes",
        "rev": "627d2d4f1424da719da5861c0f736533962ecc51",
        "type": "github"
      },
      "original": {
        "dir": "source-flake/flake-utils",
        "owner": "br4ch1st0chr0n3",
        "repo": "flakes",
        "type": "github"
      }
    },
    "flake-utils__3": {
      "inputs": {
        "flake-utils": "flake-utils_3"
      },
      "locked": {
        "dir": "source-flake/flake-utils",
        "lastModified": 1666286265,
        "narHash": "sha256-bKPvAgNSlWo8DPTzDAgln5/Uw5LBfQ2EAN6QogIVXn4=",
        "owner": "br4ch1st0chr0n3",
        "repo": "flakes",
        "rev": "2807eea19d05020f15f71cb5192ac0288d52f8c2",
        "type": "github"
      },
      "original": {
        "dir": "source-flake/flake-utils",
        "owner": "br4ch1st0chr0n3",
        "repo": "flakes",
        "type": "github"
      }
    },
    "flake-utils__4": {
      "inputs": {
        "flake-utils": "flake-utils_4"
      },
      "locked": {
        "dir": "source-flake/flake-utils",
        "lastModified": 1666318036,
        "narHash": "sha256-tGruDVLd8OQofQQ0NBYcwn+FZVKmv26YKdxnqJsKeQM=",
        "owner": "br4ch1st0chr0n3",
        "repo": "flakes",
        "rev": "9d7e006c02fd2f16f52a9065a9d80e8010943cbf",
        "type": "github"
      },
      "original": {
        "dir": "source-flake/flake-utils",
        "owner": "br4ch1st0chr0n3",
        "repo": "flakes",
        "type": "github"
      }
    },
    "nixpkgs": {
      "locked": {
        "lastModified": 1663905476,
        "narHash": "sha256-0CSwRKaYravh9v6qSlBpM0gNg0UhKT2lL7Yn6Zbx7UM=",
        "owner": "NixOS",
        "repo": "nixpkgs",
        "rev": "e14f9fb57315f0d4abde222364f19f88c77d2b79",
        "type": "github"
      },
      "original": {
        "owner": "NixOS",
        "repo": "nixpkgs",
        "rev": "e14f9fb57315f0d4abde222364f19f88c77d2b79",
        "type": "github"
      }
    },
    "nixpkgs_": {
      "inputs": {
        "nixpkgs": "nixpkgs"
      },
      "locked": {
        "dir": "source-flake/nixpkgs",
        "lastModified": 1666286265,
        "narHash": "sha256-bKPvAgNSlWo8DPTzDAgln5/Uw5LBfQ2EAN6QogIVXn4=",
        "owner": "br4ch1st0chr0n3",
        "repo": "flakes",
        "rev": "2807eea19d05020f15f71cb5192ac0288d52f8c2",
        "type": "github"
      },
      "original": {
        "dir": "source-flake/nixpkgs",
        "owner": "br4ch1st0chr0n3",
        "repo": "flakes",
        "type": "github"
      }
    },
    "nixpkgs_2": {
      "locked": {
        "lastModified": 1663905476,
        "narHash": "sha256-0CSwRKaYravh9v6qSlBpM0gNg0UhKT2lL7Yn6Zbx7UM=",
        "owner": "NixOS",
        "repo": "nixpkgs",
        "rev": "e14f9fb57315f0d4abde222364f19f88c77d2b79",
        "type": "github"
      },
      "original": {
        "owner": "NixOS",
        "repo": "nixpkgs",
        "rev": "e14f9fb57315f0d4abde222364f19f88c77d2b79",
        "type": "github"
      }
    },
    "nixpkgs_3": {
      "locked": {
        "lastModified": 1663905476,
        "narHash": "sha256-0CSwRKaYravh9v6qSlBpM0gNg0UhKT2lL7Yn6Zbx7UM=",
        "owner": "NixOS",
        "repo": "nixpkgs",
        "rev": "e14f9fb57315f0d4abde222364f19f88c77d2b79",
        "type": "github"
      },
      "original": {
        "owner": "NixOS",
        "repo": "nixpkgs",
        "rev": "e14f9fb57315f0d4abde222364f19f88c77d2b79",
        "type": "github"
      }
    },
    "nixpkgs_4": {
      "locked": {
        "lastModified": 1663905476,
        "narHash": "sha256-0CSwRKaYravh9v6qSlBpM0gNg0UhKT2lL7Yn6Zbx7UM=",
        "owner": "NixOS",
        "repo": "nixpkgs",
        "rev": "e14f9fb57315f0d4abde222364f19f88c77d2b79",
        "type": "github"
      },
      "original": {
        "owner": "NixOS",
        "repo": "nixpkgs",
        "rev": "e14f9fb57315f0d4abde222364f19f88c77d2b79",
        "type": "github"
      }
    },
    "nixpkgs__2": {
      "inputs": {
        "nixpkgs": "nixpkgs_2"
      },
      "locked": {
        "dir": "source-flake/nixpkgs",
        "lastModified": 1666286198,
        "narHash": "sha256-R0GHutZeTO0H3eiBKdWJZ+zBxpPE/dmTD0v1/WPU8Ik=",
        "owner": "br4ch1st0chr0n3",
        "repo": "flakes",
        "rev": "627d2d4f1424da719da5861c0f736533962ecc51",
        "type": "github"
      },
      "original": {
        "dir": "source-flake/nixpkgs",
        "owner": "br4ch1st0chr0n3",
        "repo": "flakes",
        "type": "github"
      }
    },
    "nixpkgs__3": {
      "inputs": {
        "nixpkgs": "nixpkgs_3"
      },
      "locked": {
        "dir": "source-flake/nixpkgs",
        "lastModified": 1666286265,
        "narHash": "sha256-bKPvAgNSlWo8DPTzDAgln5/Uw5LBfQ2EAN6QogIVXn4=",
        "owner": "br4ch1st0chr0n3",
        "repo": "flakes",
        "rev": "2807eea19d05020f15f71cb5192ac0288d52f8c2",
        "type": "github"
      },
      "original": {
        "dir": "source-flake/nixpkgs",
        "owner": "br4ch1st0chr0n3",
        "repo": "flakes",
        "type": "github"
      }
    },
    "nixpkgs__4": {
      "inputs": {
        "nixpkgs": "nixpkgs_4"
      },
      "locked": {
        "dir": "source-flake/nixpkgs",
        "lastModified": 1666318036,
        "narHash": "sha256-tGruDVLd8OQofQQ0NBYcwn+FZVKmv26YKdxnqJsKeQM=",
        "owner": "br4ch1st0chr0n3",
        "repo": "flakes",
        "rev": "9d7e006c02fd2f16f52a9065a9d80e8010943cbf",
        "type": "github"
      },
      "original": {
        "dir": "source-flake/nixpkgs",
        "owner": "br4ch1st0chr0n3",
        "repo": "flakes",
        "type": "github"
      }
    },
    "root": {
      "inputs": {
        "drv-tools": "drv-tools",
        "flake-tools": "flake-tools",
        "flake-utils": [
          "flake-utils_",
          "flake-utils"
        ],
        "flake-utils_": "flake-utils__4",
        "nixpkgs": [
          "nixpkgs_",
          "nixpkgs"
        ],
        "nixpkgs_": "nixpkgs__4"
      }
    }
  },
  "root": "root",
  "version": 7
}
