{
  "nodes": {
    "flakes": {
      "locked": {
        "lastModified": 1689843450,
        "narHash": "sha256-A8cSh1Vfco1C4lXdsAIXK8QtkeF7AfHjQVZxb8msn34=",
        "owner": "deemp",
        "repo": "flakes",
        "rev": "7a77be176dd952fd64aeece2b453f471e9e54379",
        "type": "github"
      },
      "original": {
        "owner": "deemp",
        "repo": "flakes",
        "type": "github"
      }
    },
    "root": {
      "inputs": {
        "flakes": "flakes"
      }
    }
  },
  "root": "root",
  "version": 7
}
