{
  "nodes": {
    "flakes": {
      "locked": {
        "lastModified": 1691283372,
        "narHash": "sha256-amlNTF+VfHvTi7UVZiqAYRlc7AnrsbscKDJQBNS2z7I=",
        "owner": "deemp",
        "repo": "flakes",
        "rev": "39dd4847cc255f8a54a62262123e85d7a3b287e8",
        "type": "github"
      },
      "original": {
        "owner": "deemp",
        "repo": "flakes",
        "type": "github"
      }
    },
    "root": {
      "inputs": {
        "flakes": "flakes"
      }
    }
  },
  "root": "root",
  "version": 7
}
