{
  "nodes": {
    "flake-utils": {
      "locked": {
        "lastModified": 1659877975,
        "narHash": "sha256-zllb8aq3YO3h8B/U0/J1WBgAL8EX5yWf5pMj3G0NAmc=",
        "owner": "numtide",
        "repo": "flake-utils",
        "rev": "c0e246b9b83f637f4681389ecabcb2681b4f3af0",
        "type": "github"
      },
      "original": {
        "owner": "numtide",
        "repo": "flake-utils",
        "type": "github"
      }
    },
    "flake-utils_": {
      "inputs": {
        "flake-utils": "flake-utils"
      },
      "locked": {
        "dir": "source-flake/flake-utils",
        "lastModified": 1665484493,
        "narHash": "sha256-ajkJ+4Gjgw+2alwZmdctzeZbqeV5KoS3cDJuvkK9bVQ=",
        "owner": "br4ch1st0chr0n3",
        "repo": "flakes",
        "rev": "17d6f285c1d6cac3031ecaa6f68080ba407ca51b",
        "type": "github"
      },
      "original": {
        "dir": "source-flake/flake-utils",
        "owner": "br4ch1st0chr0n3",
        "repo": "flakes",
        "type": "github"
      }
    },
    "nixpkgs": {
      "locked": {
        "lastModified": 1663905476,
        "narHash": "sha256-0CSwRKaYravh9v6qSlBpM0gNg0UhKT2lL7Yn6Zbx7UM=",
        "owner": "NixOS",
        "repo": "nixpkgs",
        "rev": "e14f9fb57315f0d4abde222364f19f88c77d2b79",
        "type": "github"
      },
      "original": {
        "owner": "NixOS",
        "repo": "nixpkgs",
        "rev": "e14f9fb57315f0d4abde222364f19f88c77d2b79",
        "type": "github"
      }
    },
    "nixpkgs_": {
      "inputs": {
        "nixpkgs": "nixpkgs"
      },
      "locked": {
        "dir": "source-flake/nixpkgs",
        "lastModified": 1665484493,
        "narHash": "sha256-ajkJ+4Gjgw+2alwZmdctzeZbqeV5KoS3cDJuvkK9bVQ=",
        "owner": "br4ch1st0chr0n3",
        "repo": "flakes",
        "rev": "17d6f285c1d6cac3031ecaa6f68080ba407ca51b",
        "type": "github"
      },
      "original": {
        "dir": "source-flake/nixpkgs",
        "owner": "br4ch1st0chr0n3",
        "repo": "flakes",
        "type": "github"
      }
    },
    "root": {
      "inputs": {
        "flake-utils": [
          "flake-utils_",
          "flake-utils"
        ],
        "flake-utils_": "flake-utils_",
        "nixpkgs": [
          "nixpkgs_",
          "nixpkgs"
        ],
        "nixpkgs_": "nixpkgs_"
      }
    }
  },
  "root": "root",
  "version": 7
}
