{
  "nodes": {
    "flakes": {
      "locked": {
        "lastModified": 1688568992,
        "narHash": "sha256-K93Dj4hO5OH4byiIV6uBGdweuHPfDyFKnlnxeZQUmFc=",
        "owner": "deemp",
        "repo": "flakes",
        "rev": "fe6cdacfc35300162c31611a52d2449f0650a155",
        "type": "github"
      },
      "original": {
        "owner": "deemp",
        "repo": "flakes",
        "type": "github"
      }
    },
    "root": {
      "inputs": {
        "flakes": "flakes"
      }
    }
  },
  "root": "root",
  "version": 7
}
