{
  "nodes": {
    "drv-tools": {
      "inputs": {
        "flake-utils": [
          "drv-tools",
          "flake-utils_",
          "flake-utils"
        ],
        "flake-utils_": "flake-utils_",
        "nixpkgs": [
          "drv-tools",
          "nixpkgs_",
          "nixpkgs"
        ],
        "nixpkgs_": "nixpkgs_"
      },
      "locked": {
        "dir": "drv-tools",
        "lastModified": 1681566729,
        "narHash": "sha256-eQsxRQpxSTjNZNnt6c8asvqIFL79sL8ExkcvKyR/hvU=",
        "owner": "deemp",
        "repo": "flakes",
        "rev": "11ddf032957ed40ef3d89647fdba33d04344c985",
        "type": "github"
      },
      "original": {
        "dir": "drv-tools",
        "owner": "deemp",
        "repo": "flakes",
        "type": "github"
      }
    },
    "flake-compat": {
      "flake": false,
      "locked": {
        "lastModified": 1673956053,
        "narHash": "sha256-4gtG9iQuiKITOjNQQeQIpoIB6b16fm+504Ch3sNKLd8=",
        "owner": "edolstra",
        "repo": "flake-compat",
        "rev": "35bb57c0c8d8b62bbfd284272c928ceb64ddbde9",
        "type": "github"
      },
      "original": {
        "owner": "edolstra",
        "repo": "flake-compat",
        "type": "github"
      }
    },
    "flake-utils": {
      "locked": {
        "lastModified": 1680776469,
        "narHash": "sha256-3CXUDK/3q/kieWtdsYpDOBJw3Gw4Af6x+2EiSnIkNQw=",
        "owner": "numtide",
        "repo": "flake-utils",
        "rev": "411e8764155aa9354dbcd6d5faaeb97e9e3dce24",
        "type": "github"
      },
      "original": {
        "owner": "numtide",
        "repo": "flake-utils",
        "type": "github"
      }
    },
    "flake-utils_": {
      "inputs": {
        "flake-utils": "flake-utils"
      },
      "locked": {
        "dir": "source-flake/flake-utils",
        "lastModified": 1681298736,
        "narHash": "sha256-LBFjJf+xECaP42qOtn7/Wc00U0MfVxD4uDE/iCBaZfU=",
        "owner": "deemp",
        "repo": "flakes",
        "rev": "1c5cc2ccaaa44110cb0a0fe2d11a269f01c9fd61",
        "type": "github"
      },
      "original": {
        "dir": "source-flake/flake-utils",
        "owner": "deemp",
        "repo": "flakes",
        "type": "github"
      }
    },
    "flake-utils_2": {
      "inputs": {
        "systems": "systems"
      },
      "locked": {
        "lastModified": 1681202837,
        "narHash": "sha256-H+Rh19JDwRtpVPAWp64F+rlEtxUWBAQW28eAi3SRSzg=",
        "owner": "numtide",
        "repo": "flake-utils",
        "rev": "cfacdce06f30d2b68473a46042957675eebb3401",
        "type": "github"
      },
      "original": {
        "owner": "numtide",
        "repo": "flake-utils",
        "type": "github"
      }
    },
    "flake-utils_3": {
      "locked": {
        "lastModified": 1667395993,
        "narHash": "sha256-nuEHfE/LcWyuSWnS8t12N1wc105Qtau+/OdUAjtQ0rA=",
        "owner": "numtide",
        "repo": "flake-utils",
        "rev": "5aed5285a952e0b949eb3ba02c12fa4fcfef535f",
        "type": "github"
      },
      "original": {
        "owner": "numtide",
        "repo": "flake-utils",
        "type": "github"
      }
    },
    "flake-utils__2": {
      "inputs": {
        "flake-utils": "flake-utils_2"
      },
      "locked": {
        "dir": "source-flake/flake-utils",
        "lastModified": 1681566729,
        "narHash": "sha256-eQsxRQpxSTjNZNnt6c8asvqIFL79sL8ExkcvKyR/hvU=",
        "owner": "deemp",
        "repo": "flakes",
        "rev": "11ddf032957ed40ef3d89647fdba33d04344c985",
        "type": "github"
      },
      "original": {
        "dir": "source-flake/flake-utils",
        "owner": "deemp",
        "repo": "flakes",
        "type": "github"
      }
    },
    "nixpkgs": {
      "locked": {
        "lastModified": 1680469126,
        "narHash": "sha256-aatKg1BHccfpoJqlQtXWNdEM12SRpYX56daW+BNp3Eg=",
        "owner": "NixOS",
        "repo": "nixpkgs",
        "rev": "b15e0f6c64eb252e232a46b891f115c3e13c9954",
        "type": "github"
      },
      "original": {
        "owner": "NixOS",
        "repo": "nixpkgs",
        "rev": "b15e0f6c64eb252e232a46b891f115c3e13c9954",
        "type": "github"
      }
    },
    "nixpkgs_": {
      "inputs": {
        "nixpkgs": "nixpkgs"
      },
      "locked": {
        "dir": "source-flake/nixpkgs",
        "lastModified": 1681298736,
        "narHash": "sha256-LBFjJf+xECaP42qOtn7/Wc00U0MfVxD4uDE/iCBaZfU=",
        "owner": "deemp",
        "repo": "flakes",
        "rev": "1c5cc2ccaaa44110cb0a0fe2d11a269f01c9fd61",
        "type": "github"
      },
      "original": {
        "dir": "source-flake/nixpkgs",
        "owner": "deemp",
        "repo": "flakes",
        "type": "github"
      }
    },
    "nixpkgs_2": {
      "locked": {
        "lastModified": 1680469126,
        "narHash": "sha256-aatKg1BHccfpoJqlQtXWNdEM12SRpYX56daW+BNp3Eg=",
        "owner": "NixOS",
        "repo": "nixpkgs",
        "rev": "b15e0f6c64eb252e232a46b891f115c3e13c9954",
        "type": "github"
      },
      "original": {
        "owner": "NixOS",
        "repo": "nixpkgs",
        "rev": "b15e0f6c64eb252e232a46b891f115c3e13c9954",
        "type": "github"
      }
    },
    "nixpkgs_3": {
      "locked": {
        "lastModified": 1681465517,
        "narHash": "sha256-EasJh15/jcJNAHtq2SGbiADRXteURAnQbj1NqBoKkzU=",
        "owner": "NixOS",
        "repo": "nixpkgs",
        "rev": "abe7316dd51a313ce528972b104f4f04f56eefc4",
        "type": "github"
      },
      "original": {
        "owner": "NixOS",
        "ref": "nixos-unstable",
        "repo": "nixpkgs",
        "type": "github"
      }
    },
    "nixpkgs__2": {
      "inputs": {
        "nixpkgs": "nixpkgs_2"
      },
      "locked": {
        "dir": "source-flake/nixpkgs",
        "lastModified": 1681566729,
        "narHash": "sha256-eQsxRQpxSTjNZNnt6c8asvqIFL79sL8ExkcvKyR/hvU=",
        "owner": "deemp",
        "repo": "flakes",
        "rev": "11ddf032957ed40ef3d89647fdba33d04344c985",
        "type": "github"
      },
      "original": {
        "dir": "source-flake/nixpkgs",
        "owner": "deemp",
        "repo": "flakes",
        "type": "github"
      }
    },
    "root": {
      "inputs": {
        "drv-tools": "drv-tools",
        "flake-utils": [
          "flake-utils_",
          "flake-utils"
        ],
        "flake-utils_": "flake-utils__2",
        "nixpkgs": [
          "nixpkgs_",
          "nixpkgs"
        ],
        "nixpkgs_": "nixpkgs__2",
        "vscode-extensions": [
          "vscode-extensions_",
          "vscode-extensions"
        ],
        "vscode-extensions_": "vscode-extensions_"
      }
    },
    "systems": {
      "locked": {
        "lastModified": 1681028828,
        "narHash": "sha256-Vy1rq5AaRuLzOxct8nz4T6wlgyUR7zLU309k9mBC768=",
        "owner": "nix-systems",
        "repo": "default",
        "rev": "da67096a3b9bf56a91d16901293e51ba5b49a27e",
        "type": "github"
      },
      "original": {
        "owner": "nix-systems",
        "repo": "default",
        "type": "github"
      }
    },
    "vscode-extensions": {
      "inputs": {
        "flake-compat": "flake-compat",
        "flake-utils": "flake-utils_3",
        "nixpkgs": "nixpkgs_3"
      },
      "locked": {
        "lastModified": 1681521194,
        "narHash": "sha256-ztBdvkUIl3cuO2B5rJniUpSjknggmPBAK8kuHiTQYZU=",
        "owner": "nix-community",
        "repo": "nix-vscode-extensions",
        "rev": "47f6ae0253083fcced205fe2ad1acc62c49e8709",
        "type": "github"
      },
      "original": {
        "owner": "nix-community",
        "repo": "nix-vscode-extensions",
        "rev": "47f6ae0253083fcced205fe2ad1acc62c49e8709",
        "type": "github"
      }
    },
    "vscode-extensions_": {
      "inputs": {
        "vscode-extensions": "vscode-extensions"
      },
      "locked": {
        "dir": "source-flake/nix-vscode-extensions",
        "lastModified": 1681566729,
        "narHash": "sha256-eQsxRQpxSTjNZNnt6c8asvqIFL79sL8ExkcvKyR/hvU=",
        "owner": "deemp",
        "repo": "flakes",
        "rev": "11ddf032957ed40ef3d89647fdba33d04344c985",
        "type": "github"
      },
      "original": {
        "dir": "source-flake/nix-vscode-extensions",
        "owner": "deemp",
        "repo": "flakes",
        "type": "github"
      }
    }
  },
  "root": "root",
  "version": 7
}
