{
  "nodes": {
    "cachix": {
      "locked": {
        "lastModified": 1665647492,
        "narHash": "sha256-lmVz/50ODqV4h08Xc8dpATwgD1pO/fou+M2KrSXBHSQ=",
        "owner": "cachix",
        "repo": "cachix",
        "rev": "f6fe5df6d96e45359a1e5c448272cfc7e0566da0",
        "type": "github"
      },
      "original": {
        "owner": "cachix",
        "repo": "cachix",
        "rev": "f6fe5df6d96e45359a1e5c448272cfc7e0566da0",
        "type": "github"
      }
    },
    "cachix_": {
      "inputs": {
        "cachix": "cachix"
      },
      "locked": {
        "dir": "source-flake/cachix",
        "lastModified": 1668302905,
        "narHash": "sha256-N99LBfSKVfZvAzKXa6SPL32wsQBogcvLRHRvSCVx/yo=",
        "owner": "br4ch1st0chr0n3",
        "repo": "flakes",
        "rev": "0759b8e6e2c3f9bed8878af9eb91a243276a9eb2",
        "type": "github"
      },
      "original": {
        "dir": "source-flake/cachix",
        "owner": "br4ch1st0chr0n3",
        "repo": "flakes",
        "type": "github"
      }
    },
    "drv-tools": {
      "inputs": {
        "flake-utils": [
          "drv-tools",
          "flake-utils_",
          "flake-utils"
        ],
        "flake-utils_": "flake-utils_",
        "nixpkgs": [
          "drv-tools",
          "nixpkgs_",
          "nixpkgs"
        ],
        "nixpkgs_": "nixpkgs_"
      },
      "locked": {
        "dir": "drv-tools",
        "lastModified": 1671901137,
        "narHash": "sha256-5KyGVRjkXOT1QJx6ikI9WsqImJOfWKzeSwjADRLe8Vg=",
        "owner": "deemp",
        "repo": "flakes",
        "rev": "081269c9e92353a41fc84e83bf667e11be9f025c",
        "type": "github"
      },
      "original": {
        "dir": "drv-tools",
        "owner": "deemp",
        "repo": "flakes",
        "type": "github"
      }
    },
    "drv-tools_2": {
      "inputs": {
        "flake-utils": [
          "hpack_",
          "hpack",
          "flake-tools",
          "drv-tools",
          "flake-utils_",
          "flake-utils"
        ],
        "flake-utils_": "flake-utils__3",
        "nixpkgs": [
          "hpack_",
          "hpack",
          "flake-tools",
          "drv-tools",
          "nixpkgs_",
          "nixpkgs"
        ],
        "nixpkgs_": "nixpkgs__4"
      },
      "locked": {
        "dir": "drv-tools",
        "lastModified": 1668302905,
        "narHash": "sha256-N99LBfSKVfZvAzKXa6SPL32wsQBogcvLRHRvSCVx/yo=",
        "owner": "br4ch1st0chr0n3",
        "repo": "flakes",
        "rev": "0759b8e6e2c3f9bed8878af9eb91a243276a9eb2",
        "type": "github"
      },
      "original": {
        "dir": "drv-tools",
        "owner": "br4ch1st0chr0n3",
        "repo": "flakes",
        "type": "github"
      }
    },
    "flake-compat": {
      "flake": false,
      "locked": {
        "lastModified": 1668681692,
        "narHash": "sha256-Ht91NGdewz8IQLtWZ9LCeNXMSXHUss+9COoqu6JLmXU=",
        "owner": "edolstra",
        "repo": "flake-compat",
        "rev": "009399224d5e398d03b22badca40a37ac85412a1",
        "type": "github"
      },
      "original": {
        "owner": "edolstra",
        "repo": "flake-compat",
        "type": "github"
      }
    },
    "flake-compat_2": {
      "flake": false,
      "locked": {
        "lastModified": 1650374568,
        "narHash": "sha256-Z+s0J8/r907g149rllvwhb4pKi8Wam5ij0st8PwAh+E=",
        "owner": "edolstra",
        "repo": "flake-compat",
        "rev": "b4a34015c698c7793d592d66adbab377907a2be8",
        "type": "github"
      },
      "original": {
        "owner": "edolstra",
        "repo": "flake-compat",
        "type": "github"
      }
    },
    "flake-tools": {
      "inputs": {
        "cachix": [
          "hpack_",
          "hpack",
          "flake-tools",
          "cachix_",
          "cachix"
        ],
        "cachix_": "cachix_",
        "drv-tools": "drv-tools_2",
        "flake-utils": [
          "hpack_",
          "hpack",
          "flake-tools",
          "flake-utils_",
          "flake-utils"
        ],
        "flake-utils_": "flake-utils__4",
        "nixpkgs": [
          "hpack_",
          "hpack",
          "flake-tools",
          "nixpkgs_",
          "nixpkgs"
        ],
        "nixpkgs_": "nixpkgs__5"
      },
      "locked": {
        "dir": "flake-tools",
        "lastModified": 1668303068,
        "narHash": "sha256-XSyAe+sAi7PBStjH8Sz0Q5uUljC+cHv6+2RCBw073A0=",
        "owner": "br4ch1st0chr0n3",
        "repo": "flakes",
        "rev": "77f871c1f6ee4284210e2bd7855b110755d49cf7",
        "type": "github"
      },
      "original": {
        "dir": "flake-tools",
        "owner": "br4ch1st0chr0n3",
        "repo": "flakes",
        "type": "github"
      }
    },
    "flake-utils": {
      "locked": {
        "lastModified": 1667395993,
        "narHash": "sha256-nuEHfE/LcWyuSWnS8t12N1wc105Qtau+/OdUAjtQ0rA=",
        "owner": "numtide",
        "repo": "flake-utils",
        "rev": "5aed5285a952e0b949eb3ba02c12fa4fcfef535f",
        "type": "github"
      },
      "original": {
        "owner": "numtide",
        "repo": "flake-utils",
        "type": "github"
      }
    },
    "flake-utils_": {
      "inputs": {
        "flake-utils": "flake-utils"
      },
      "locked": {
        "dir": "source-flake/flake-utils",
        "lastModified": 1671901063,
        "narHash": "sha256-2rC5zeGu+vToL0oPdDT8jhAlOz3cmTAj9M31m0lW4Bc=",
        "owner": "deemp",
        "repo": "flakes",
        "rev": "33b559a5daa7eb98ff723ca995b3d3e378751e7e",
        "type": "github"
      },
      "original": {
        "dir": "source-flake/flake-utils",
        "owner": "deemp",
        "repo": "flakes",
        "type": "github"
      }
    },
    "flake-utils_2": {
      "locked": {
        "lastModified": 1667395993,
        "narHash": "sha256-nuEHfE/LcWyuSWnS8t12N1wc105Qtau+/OdUAjtQ0rA=",
        "owner": "numtide",
        "repo": "flake-utils",
        "rev": "5aed5285a952e0b949eb3ba02c12fa4fcfef535f",
        "type": "github"
      },
      "original": {
        "owner": "numtide",
        "repo": "flake-utils",
        "type": "github"
      }
    },
    "flake-utils_3": {
      "locked": {
        "lastModified": 1667395993,
        "narHash": "sha256-nuEHfE/LcWyuSWnS8t12N1wc105Qtau+/OdUAjtQ0rA=",
        "owner": "numtide",
        "repo": "flake-utils",
        "rev": "5aed5285a952e0b949eb3ba02c12fa4fcfef535f",
        "type": "github"
      },
      "original": {
        "owner": "numtide",
        "repo": "flake-utils",
        "type": "github"
      }
    },
    "flake-utils_4": {
      "locked": {
        "lastModified": 1667395993,
        "narHash": "sha256-nuEHfE/LcWyuSWnS8t12N1wc105Qtau+/OdUAjtQ0rA=",
        "owner": "numtide",
        "repo": "flake-utils",
        "rev": "5aed5285a952e0b949eb3ba02c12fa4fcfef535f",
        "type": "github"
      },
      "original": {
        "owner": "numtide",
        "repo": "flake-utils",
        "type": "github"
      }
    },
    "flake-utils_5": {
      "locked": {
        "lastModified": 1667395993,
        "narHash": "sha256-nuEHfE/LcWyuSWnS8t12N1wc105Qtau+/OdUAjtQ0rA=",
        "owner": "numtide",
        "repo": "flake-utils",
        "rev": "5aed5285a952e0b949eb3ba02c12fa4fcfef535f",
        "type": "github"
      },
      "original": {
        "owner": "numtide",
        "repo": "flake-utils",
        "type": "github"
      }
    },
    "flake-utils_6": {
      "locked": {
        "lastModified": 1667395993,
        "narHash": "sha256-nuEHfE/LcWyuSWnS8t12N1wc105Qtau+/OdUAjtQ0rA=",
        "owner": "numtide",
        "repo": "flake-utils",
        "rev": "5aed5285a952e0b949eb3ba02c12fa4fcfef535f",
        "type": "github"
      },
      "original": {
        "owner": "numtide",
        "repo": "flake-utils",
        "type": "github"
      }
    },
    "flake-utils__2": {
      "inputs": {
        "flake-utils": "flake-utils_2"
      },
      "locked": {
        "dir": "source-flake/flake-utils",
        "lastModified": 1671901063,
        "narHash": "sha256-2rC5zeGu+vToL0oPdDT8jhAlOz3cmTAj9M31m0lW4Bc=",
        "owner": "deemp",
        "repo": "flakes",
        "rev": "33b559a5daa7eb98ff723ca995b3d3e378751e7e",
        "type": "github"
      },
      "original": {
        "dir": "source-flake/flake-utils",
        "owner": "deemp",
        "repo": "flakes",
        "type": "github"
      }
    },
    "flake-utils__3": {
      "inputs": {
        "flake-utils": "flake-utils_3"
      },
      "locked": {
        "dir": "source-flake/flake-utils",
        "lastModified": 1668299947,
        "narHash": "sha256-6q/voeRNc8sttYWhRimVlAkgm3nptyu4qk0lwncnOUg=",
        "owner": "br4ch1st0chr0n3",
        "repo": "flakes",
        "rev": "4f8ef492eaa60db9111607bf7a2548d6ffd27dd4",
        "type": "github"
      },
      "original": {
        "dir": "source-flake/flake-utils",
        "owner": "br4ch1st0chr0n3",
        "repo": "flakes",
        "type": "github"
      }
    },
    "flake-utils__4": {
      "inputs": {
        "flake-utils": "flake-utils_4"
      },
      "locked": {
        "dir": "source-flake/flake-utils",
        "lastModified": 1668302905,
        "narHash": "sha256-N99LBfSKVfZvAzKXa6SPL32wsQBogcvLRHRvSCVx/yo=",
        "owner": "br4ch1st0chr0n3",
        "repo": "flakes",
        "rev": "0759b8e6e2c3f9bed8878af9eb91a243276a9eb2",
        "type": "github"
      },
      "original": {
        "dir": "source-flake/flake-utils",
        "owner": "br4ch1st0chr0n3",
        "repo": "flakes",
        "type": "github"
      }
    },
    "flake-utils__5": {
      "inputs": {
        "flake-utils": "flake-utils_5"
      },
      "locked": {
        "dir": "source-flake/flake-utils",
        "lastModified": 1668303068,
        "narHash": "sha256-XSyAe+sAi7PBStjH8Sz0Q5uUljC+cHv6+2RCBw073A0=",
        "owner": "br4ch1st0chr0n3",
        "repo": "flakes",
        "rev": "77f871c1f6ee4284210e2bd7855b110755d49cf7",
        "type": "github"
      },
      "original": {
        "dir": "source-flake/flake-utils",
        "owner": "br4ch1st0chr0n3",
        "repo": "flakes",
        "type": "github"
      }
    },
    "flake-utils__6": {
      "inputs": {
        "flake-utils": "flake-utils_6"
      },
      "locked": {
        "dir": "source-flake/flake-utils",
        "lastModified": 1668302905,
        "narHash": "sha256-N99LBfSKVfZvAzKXa6SPL32wsQBogcvLRHRvSCVx/yo=",
        "owner": "br4ch1st0chr0n3",
        "repo": "flakes",
        "rev": "0759b8e6e2c3f9bed8878af9eb91a243276a9eb2",
        "type": "github"
      },
      "original": {
        "dir": "source-flake/flake-utils",
        "owner": "br4ch1st0chr0n3",
        "repo": "flakes",
        "type": "github"
      }
    },
    "gitignore": {
      "inputs": {
        "nixpkgs": [
          "haskell-tools",
          "gitignore_",
          "nixpkgs_",
          "nixpkgs"
        ]
      },
      "locked": {
        "lastModified": 1660459072,
        "narHash": "sha256-8DFJjXG8zqoONA1vXtgeKXy68KdJL5UaXR8NtVMUbx8=",
        "owner": "hercules-ci",
        "repo": "gitignore.nix",
        "rev": "a20de23b925fd8264fd7fad6454652e142fd7f73",
        "type": "github"
      },
      "original": {
        "owner": "hercules-ci",
        "repo": "gitignore.nix",
        "rev": "a20de23b925fd8264fd7fad6454652e142fd7f73",
        "type": "github"
      }
    },
    "gitignore_": {
      "inputs": {
        "gitignore": "gitignore",
        "nixpkgs_": "nixpkgs__2"
      },
      "locked": {
        "dir": "source-flake/gitignore",
        "lastModified": 1671901063,
        "narHash": "sha256-2rC5zeGu+vToL0oPdDT8jhAlOz3cmTAj9M31m0lW4Bc=",
        "owner": "deemp",
        "repo": "flakes",
        "rev": "33b559a5daa7eb98ff723ca995b3d3e378751e7e",
        "type": "github"
      },
      "original": {
        "dir": "source-flake/gitignore",
        "owner": "deemp",
        "repo": "flakes",
        "type": "github"
      }
    },
    "gitignore_2": {
      "inputs": {
        "nixpkgs": [
          "hpack_",
          "hpack",
          "haskell-tools",
          "gitignore_",
          "nixpkgs_",
          "nixpkgs"
        ]
      },
      "locked": {
        "lastModified": 1660459072,
        "narHash": "sha256-8DFJjXG8zqoONA1vXtgeKXy68KdJL5UaXR8NtVMUbx8=",
        "owner": "hercules-ci",
        "repo": "gitignore.nix",
        "rev": "a20de23b925fd8264fd7fad6454652e142fd7f73",
        "type": "github"
      },
      "original": {
        "owner": "hercules-ci",
        "repo": "gitignore.nix",
        "rev": "a20de23b925fd8264fd7fad6454652e142fd7f73",
        "type": "github"
      }
    },
    "gitignore__2": {
      "inputs": {
        "gitignore": "gitignore_2",
        "nixpkgs_": "nixpkgs__6"
      },
      "locked": {
        "dir": "source-flake/gitignore",
        "lastModified": 1668302905,
        "narHash": "sha256-N99LBfSKVfZvAzKXa6SPL32wsQBogcvLRHRvSCVx/yo=",
        "owner": "br4ch1st0chr0n3",
        "repo": "flakes",
        "rev": "0759b8e6e2c3f9bed8878af9eb91a243276a9eb2",
        "type": "github"
      },
      "original": {
        "dir": "source-flake/gitignore",
        "owner": "br4ch1st0chr0n3",
        "repo": "flakes",
        "type": "github"
      }
    },
    "haskell-tools": {
      "inputs": {
        "flake-utils": [
          "haskell-tools",
          "flake-utils_",
          "flake-utils"
        ],
        "flake-utils_": "flake-utils__2",
        "gitignore": [
          "haskell-tools",
          "gitignore_",
          "gitignore"
        ],
        "gitignore_": "gitignore_",
        "nixpkgs": [
          "haskell-tools",
          "nixpkgs_",
          "nixpkgs"
        ],
        "nixpkgs_": "nixpkgs__3"
      },
      "locked": {
        "dir": "language-tools/haskell",
        "lastModified": 1671901137,
        "narHash": "sha256-5KyGVRjkXOT1QJx6ikI9WsqImJOfWKzeSwjADRLe8Vg=",
        "owner": "deemp",
        "repo": "flakes",
        "rev": "081269c9e92353a41fc84e83bf667e11be9f025c",
        "type": "github"
      },
      "original": {
        "dir": "language-tools/haskell",
        "owner": "deemp",
        "repo": "flakes",
        "type": "github"
      }
    },
    "haskell-tools_2": {
      "inputs": {
        "flake-utils": [
          "hpack_",
          "hpack",
          "haskell-tools",
          "flake-utils_",
          "flake-utils"
        ],
        "flake-utils_": "flake-utils__6",
        "gitignore": [
          "hpack_",
          "hpack",
          "haskell-tools",
          "gitignore_",
          "gitignore"
        ],
        "gitignore_": "gitignore__2",
        "nixpkgs": [
          "hpack_",
          "hpack",
          "haskell-tools",
          "nixpkgs_",
          "nixpkgs"
        ],
        "nixpkgs_": "nixpkgs__7"
      },
      "locked": {
        "dir": "language-tools/haskell",
        "lastModified": 1668303068,
        "narHash": "sha256-XSyAe+sAi7PBStjH8Sz0Q5uUljC+cHv6+2RCBw073A0=",
        "owner": "br4ch1st0chr0n3",
        "repo": "flakes",
        "rev": "77f871c1f6ee4284210e2bd7855b110755d49cf7",
        "type": "github"
      },
      "original": {
        "dir": "language-tools/haskell",
        "owner": "br4ch1st0chr0n3",
        "repo": "flakes",
        "type": "github"
      }
    },
    "hpack": {
      "inputs": {
        "flake-compat": "flake-compat_2",
        "flake-tools": "flake-tools",
        "flake-utils": [
          "hpack_",
          "hpack",
          "flake-utils_",
          "flake-utils"
        ],
        "flake-utils_": "flake-utils__5",
        "haskell-tools": "haskell-tools_2",
        "nixpkgs": [
          "hpack_",
          "hpack",
          "nixpkgs_",
          "nixpkgs"
        ],
        "nixpkgs_": "nixpkgs__8"
      },
      "locked": {
        "lastModified": 1668303577,
        "narHash": "sha256-7EnItB9bYrcokMeF2A/bD/F1gSaRr4tRqV68LiSN5gQ=",
        "owner": "deemp",
        "repo": "hpack",
        "rev": "2bc8865572c3d5f83ab97c9bf320f13fe1b30dbc",
        "type": "github"
      },
      "original": {
        "owner": "deemp",
        "repo": "hpack",
        "rev": "2bc8865572c3d5f83ab97c9bf320f13fe1b30dbc",
        "type": "github"
      }
    },
    "hpack_": {
      "inputs": {
        "hpack": "hpack"
      },
      "locked": {
        "dir": "source-flake/hpack",
        "lastModified": 1671901137,
        "narHash": "sha256-5KyGVRjkXOT1QJx6ikI9WsqImJOfWKzeSwjADRLe8Vg=",
        "owner": "deemp",
        "repo": "flakes",
        "rev": "081269c9e92353a41fc84e83bf667e11be9f025c",
        "type": "github"
      },
      "original": {
        "dir": "source-flake/hpack",
        "owner": "deemp",
        "repo": "flakes",
        "type": "github"
      }
    },
    "nixpkgs": {
      "locked": {
        "lastModified": 1671169699,
        "narHash": "sha256-YO6HhPmPt/EjEB7yXZepxaX5YbehmQUlISEP/6+2uD8=",
        "owner": "NixOS",
        "repo": "nixpkgs",
        "rev": "ed6654123003549dcdc7d65abbbd0d0c650e93b2",
        "type": "github"
      },
      "original": {
        "owner": "NixOS",
        "repo": "nixpkgs",
        "rev": "ed6654123003549dcdc7d65abbbd0d0c650e93b2",
        "type": "github"
      }
    },
    "nixpkgs_": {
      "inputs": {
        "nixpkgs": "nixpkgs"
      },
      "locked": {
        "dir": "source-flake/nixpkgs",
        "lastModified": 1671901063,
        "narHash": "sha256-2rC5zeGu+vToL0oPdDT8jhAlOz3cmTAj9M31m0lW4Bc=",
        "owner": "deemp",
        "repo": "flakes",
        "rev": "33b559a5daa7eb98ff723ca995b3d3e378751e7e",
        "type": "github"
      },
      "original": {
        "dir": "source-flake/nixpkgs",
        "owner": "deemp",
        "repo": "flakes",
        "type": "github"
      }
    },
    "nixpkgs_2": {
      "locked": {
        "lastModified": 1671169699,
        "narHash": "sha256-YO6HhPmPt/EjEB7yXZepxaX5YbehmQUlISEP/6+2uD8=",
        "owner": "NixOS",
        "repo": "nixpkgs",
        "rev": "ed6654123003549dcdc7d65abbbd0d0c650e93b2",
        "type": "github"
      },
      "original": {
        "owner": "NixOS",
        "repo": "nixpkgs",
        "rev": "ed6654123003549dcdc7d65abbbd0d0c650e93b2",
        "type": "github"
      }
    },
    "nixpkgs_3": {
      "locked": {
        "lastModified": 1671169699,
        "narHash": "sha256-YO6HhPmPt/EjEB7yXZepxaX5YbehmQUlISEP/6+2uD8=",
        "owner": "NixOS",
        "repo": "nixpkgs",
        "rev": "ed6654123003549dcdc7d65abbbd0d0c650e93b2",
        "type": "github"
      },
      "original": {
        "owner": "NixOS",
        "repo": "nixpkgs",
        "rev": "ed6654123003549dcdc7d65abbbd0d0c650e93b2",
        "type": "github"
      }
    },
    "nixpkgs_4": {
      "locked": {
        "lastModified": 1667758139,
        "narHash": "sha256-CbDAP6wttlaVs9s4DPZlJ5Wf6Ozz9lX7SdJVtFA8cAo=",
        "owner": "NixOS",
        "repo": "nixpkgs",
        "rev": "8993cc730d11148ef59e84a8f15f94f688e1bfd1",
        "type": "github"
      },
      "original": {
        "owner": "NixOS",
        "repo": "nixpkgs",
        "rev": "8993cc730d11148ef59e84a8f15f94f688e1bfd1",
        "type": "github"
      }
    },
    "nixpkgs_5": {
      "locked": {
        "lastModified": 1667758139,
        "narHash": "sha256-CbDAP6wttlaVs9s4DPZlJ5Wf6Ozz9lX7SdJVtFA8cAo=",
        "owner": "NixOS",
        "repo": "nixpkgs",
        "rev": "8993cc730d11148ef59e84a8f15f94f688e1bfd1",
        "type": "github"
      },
      "original": {
        "owner": "NixOS",
        "repo": "nixpkgs",
        "rev": "8993cc730d11148ef59e84a8f15f94f688e1bfd1",
        "type": "github"
      }
    },
    "nixpkgs_6": {
      "locked": {
        "lastModified": 1667758139,
        "narHash": "sha256-CbDAP6wttlaVs9s4DPZlJ5Wf6Ozz9lX7SdJVtFA8cAo=",
        "owner": "NixOS",
        "repo": "nixpkgs",
        "rev": "8993cc730d11148ef59e84a8f15f94f688e1bfd1",
        "type": "github"
      },
      "original": {
        "owner": "NixOS",
        "repo": "nixpkgs",
        "rev": "8993cc730d11148ef59e84a8f15f94f688e1bfd1",
        "type": "github"
      }
    },
    "nixpkgs_7": {
      "locked": {
        "lastModified": 1667758139,
        "narHash": "sha256-CbDAP6wttlaVs9s4DPZlJ5Wf6Ozz9lX7SdJVtFA8cAo=",
        "owner": "NixOS",
        "repo": "nixpkgs",
        "rev": "8993cc730d11148ef59e84a8f15f94f688e1bfd1",
        "type": "github"
      },
      "original": {
        "owner": "NixOS",
        "repo": "nixpkgs",
        "rev": "8993cc730d11148ef59e84a8f15f94f688e1bfd1",
        "type": "github"
      }
    },
    "nixpkgs_8": {
      "locked": {
        "lastModified": 1667758139,
        "narHash": "sha256-CbDAP6wttlaVs9s4DPZlJ5Wf6Ozz9lX7SdJVtFA8cAo=",
        "owner": "NixOS",
        "repo": "nixpkgs",
        "rev": "8993cc730d11148ef59e84a8f15f94f688e1bfd1",
        "type": "github"
      },
      "original": {
        "owner": "NixOS",
        "repo": "nixpkgs",
        "rev": "8993cc730d11148ef59e84a8f15f94f688e1bfd1",
        "type": "github"
      }
    },
    "nixpkgs__2": {
      "inputs": {
        "nixpkgs": "nixpkgs_2"
      },
      "locked": {
        "dir": "source-flake/nixpkgs",
        "lastModified": 1671898096,
        "narHash": "sha256-S5Ud4fJnp4P31lhW79JZdsnTCdYFAP3M/Wxvi2L/n9s=",
        "owner": "deemp",
        "repo": "flakes",
        "rev": "6fa570d873aa033f8d9beffc3aab59923aeca3d5",
        "type": "github"
      },
      "original": {
        "dir": "source-flake/nixpkgs",
        "owner": "deemp",
        "repo": "flakes",
        "type": "github"
      }
    },
    "nixpkgs__3": {
      "inputs": {
        "nixpkgs": "nixpkgs_3"
      },
      "locked": {
        "dir": "source-flake/nixpkgs",
        "lastModified": 1671901063,
        "narHash": "sha256-2rC5zeGu+vToL0oPdDT8jhAlOz3cmTAj9M31m0lW4Bc=",
        "owner": "deemp",
        "repo": "flakes",
        "rev": "33b559a5daa7eb98ff723ca995b3d3e378751e7e",
        "type": "github"
      },
      "original": {
        "dir": "source-flake/nixpkgs",
        "owner": "deemp",
        "repo": "flakes",
        "type": "github"
      }
    },
    "nixpkgs__4": {
      "inputs": {
        "nixpkgs": "nixpkgs_4"
      },
      "locked": {
        "dir": "source-flake/nixpkgs",
        "lastModified": 1668299947,
        "narHash": "sha256-6q/voeRNc8sttYWhRimVlAkgm3nptyu4qk0lwncnOUg=",
        "owner": "br4ch1st0chr0n3",
        "repo": "flakes",
        "rev": "4f8ef492eaa60db9111607bf7a2548d6ffd27dd4",
        "type": "github"
      },
      "original": {
        "dir": "source-flake/nixpkgs",
        "owner": "br4ch1st0chr0n3",
        "repo": "flakes",
        "type": "github"
      }
    },
    "nixpkgs__5": {
      "inputs": {
        "nixpkgs": "nixpkgs_5"
      },
      "locked": {
        "dir": "source-flake/nixpkgs",
        "lastModified": 1668302905,
        "narHash": "sha256-N99LBfSKVfZvAzKXa6SPL32wsQBogcvLRHRvSCVx/yo=",
        "owner": "br4ch1st0chr0n3",
        "repo": "flakes",
        "rev": "0759b8e6e2c3f9bed8878af9eb91a243276a9eb2",
        "type": "github"
      },
      "original": {
        "dir": "source-flake/nixpkgs",
        "owner": "br4ch1st0chr0n3",
        "repo": "flakes",
        "type": "github"
      }
    },
    "nixpkgs__6": {
      "inputs": {
        "nixpkgs": "nixpkgs_6"
      },
      "locked": {
        "dir": "source-flake/nixpkgs",
        "lastModified": 1668299947,
        "narHash": "sha256-6q/voeRNc8sttYWhRimVlAkgm3nptyu4qk0lwncnOUg=",
        "owner": "br4ch1st0chr0n3",
        "repo": "flakes",
        "rev": "4f8ef492eaa60db9111607bf7a2548d6ffd27dd4",
        "type": "github"
      },
      "original": {
        "dir": "source-flake/nixpkgs",
        "owner": "br4ch1st0chr0n3",
        "repo": "flakes",
        "type": "github"
      }
    },
    "nixpkgs__7": {
      "inputs": {
        "nixpkgs": "nixpkgs_7"
      },
      "locked": {
        "dir": "source-flake/nixpkgs",
        "lastModified": 1668302905,
        "narHash": "sha256-N99LBfSKVfZvAzKXa6SPL32wsQBogcvLRHRvSCVx/yo=",
        "owner": "br4ch1st0chr0n3",
        "repo": "flakes",
        "rev": "0759b8e6e2c3f9bed8878af9eb91a243276a9eb2",
        "type": "github"
      },
      "original": {
        "dir": "source-flake/nixpkgs",
        "owner": "br4ch1st0chr0n3",
        "repo": "flakes",
        "type": "github"
      }
    },
    "nixpkgs__8": {
      "inputs": {
        "nixpkgs": "nixpkgs_8"
      },
      "locked": {
        "dir": "source-flake/nixpkgs",
        "lastModified": 1668303068,
        "narHash": "sha256-XSyAe+sAi7PBStjH8Sz0Q5uUljC+cHv6+2RCBw073A0=",
        "owner": "br4ch1st0chr0n3",
        "repo": "flakes",
        "rev": "77f871c1f6ee4284210e2bd7855b110755d49cf7",
        "type": "github"
      },
      "original": {
        "dir": "source-flake/nixpkgs",
        "owner": "br4ch1st0chr0n3",
        "repo": "flakes",
        "type": "github"
      }
    },
    "root": {
      "inputs": {
        "drv-tools": "drv-tools",
        "flake-compat": "flake-compat",
        "flake-utils": [
          "haskell-tools",
          "flake-utils"
        ],
        "haskell-tools": "haskell-tools",
        "hpack": [
          "hpack_",
          "hpack"
        ],
        "hpack_": "hpack_",
        "nixpkgs": [
          "haskell-tools",
          "nixpkgs"
        ]
      }
    }
  },
  "root": "root",
  "version": 7
}
