{
  "nodes": {
    "flake-utils": {
      "locked": {
        "lastModified": 1659877975,
        "narHash": "sha256-zllb8aq3YO3h8B/U0/J1WBgAL8EX5yWf5pMj3G0NAmc=",
        "owner": "numtide",
        "repo": "flake-utils",
        "rev": "c0e246b9b83f637f4681389ecabcb2681b4f3af0",
        "type": "github"
      },
      "original": {
        "owner": "numtide",
        "repo": "flake-utils",
        "type": "github"
      }
    },
    "flake-utils_": {
      "inputs": {
        "flake-utils": "flake-utils"
      },
      "locked": {
        "dir": "source-flake/flake-utils",
        "lastModified": 1664932829,
        "narHash": "sha256-EF7wByq47Gy7JNDzQ4HgAZcIWoGiIkDN8Iow1/ej51s=",
        "owner": "br4ch1st0chr0n3",
        "repo": "flakes",
        "rev": "2f8ed86b7f8ec2dee5bd10e0f1647e40026bc9b7",
        "type": "github"
      },
      "original": {
        "dir": "source-flake/flake-utils",
        "owner": "br4ch1st0chr0n3",
        "repo": "flakes",
        "type": "github"
      }
    },
    "nixpkgs": {
      "locked": {
        "lastModified": 1663905476,
        "narHash": "sha256-0CSwRKaYravh9v6qSlBpM0gNg0UhKT2lL7Yn6Zbx7UM=",
        "owner": "NixOS",
        "repo": "nixpkgs",
        "rev": "e14f9fb57315f0d4abde222364f19f88c77d2b79",
        "type": "github"
      },
      "original": {
        "owner": "NixOS",
        "repo": "nixpkgs",
        "rev": "e14f9fb57315f0d4abde222364f19f88c77d2b79",
        "type": "github"
      }
    },
    "nixpkgs_": {
      "inputs": {
        "nixpkgs": "nixpkgs"
      },
      "locked": {
        "dir": "source-flake/nixpkgs",
        "lastModified": 1664932829,
        "narHash": "sha256-EF7wByq47Gy7JNDzQ4HgAZcIWoGiIkDN8Iow1/ej51s=",
        "owner": "br4ch1st0chr0n3",
        "repo": "flakes",
        "rev": "2f8ed86b7f8ec2dee5bd10e0f1647e40026bc9b7",
        "type": "github"
      },
      "original": {
        "dir": "source-flake/nixpkgs",
        "owner": "br4ch1st0chr0n3",
        "repo": "flakes",
        "type": "github"
      }
    },
    "root": {
      "inputs": {
        "vscodium-extensions": "vscodium-extensions"
      }
    },
    "vscodium-extensions": {
      "inputs": {
        "flake-utils": [
          "vscodium-extensions",
          "flake-utils_",
          "flake-utils"
        ],
        "flake-utils_": "flake-utils_",
        "nixpkgs": [
          "vscodium-extensions",
          "nixpkgs_",
          "nixpkgs"
        ],
        "nixpkgs_": "nixpkgs_"
      },
      "locked": {
        "lastModified": 1667264172,
        "narHash": "sha256-s4Mt0CeRBTYJ7D8WcCGbEA7M4agY9Sc/RKx3c3TtRqg=",
        "owner": "br4ch1st0chr0n3",
        "repo": "vscodium-extensions",
        "rev": "2363983b25b5f0ec9068b97a08addc3d53c12297",
        "type": "github"
      },
      "original": {
        "owner": "br4ch1st0chr0n3",
        "ref": "master",
        "repo": "vscodium-extensions",
        "type": "github"
      }
    }
  },
  "root": "root",
  "version": 7
}
