{
  "nodes": {
    "gitignore": {
      "inputs": {
        "nixpkgs": [
          "nixpkgs_",
          "nixpkgs"
        ]
      },
      "locked": {
        "lastModified": 1660459072,
        "narHash": "sha256-8DFJjXG8zqoONA1vXtgeKXy68KdJL5UaXR8NtVMUbx8=",
        "owner": "hercules-ci",
        "repo": "gitignore.nix",
        "rev": "a20de23b925fd8264fd7fad6454652e142fd7f73",
        "type": "github"
      },
      "original": {
        "owner": "hercules-ci",
        "repo": "gitignore.nix",
        "rev": "a20de23b925fd8264fd7fad6454652e142fd7f73",
        "type": "github"
      }
    },
    "nixpkgs": {
      "locked": {
        "lastModified": 1677374996,
        "narHash": "sha256-gzkPriicPC0mvQKCxF0dLhE2dw/pCcpfbI7GAE1IdQk=",
        "owner": "NixOS",
        "repo": "nixpkgs",
        "rev": "8c36d213bbb626ebb0ba2c4bd6a0389e8a6638b0",
        "type": "github"
      },
      "original": {
        "owner": "NixOS",
        "repo": "nixpkgs",
        "rev": "8c36d213bbb626ebb0ba2c4bd6a0389e8a6638b0",
        "type": "github"
      }
    },
    "nixpkgs_": {
      "inputs": {
        "nixpkgs": "nixpkgs"
      },
      "locked": {
        "dir": "source-flake/nixpkgs",
        "lastModified": 1677444790,
        "narHash": "sha256-xbm/eUpeGV43nZfonEmV/yMJoRj5+I2XF79wgA+JBz0=",
        "owner": "deemp",
        "repo": "flakes",
        "rev": "f89bb9f48dd21ebcc76bea2eaf0542c024a96ed6",
        "type": "github"
      },
      "original": {
        "dir": "source-flake/nixpkgs",
        "owner": "deemp",
        "repo": "flakes",
        "type": "github"
      }
    },
    "root": {
      "inputs": {
        "gitignore": "gitignore",
        "nixpkgs_": "nixpkgs_"
      }
    }
  },
  "root": "root",
  "version": 7
}
