{
  "nodes": {
    "flakes": {
      "locked": {
        "lastModified": 1689009648,
        "narHash": "sha256-8+c9Jv4/vCMnRCOiKI6yZLzq3VIKp2ZK3YLpNRn0x3s=",
        "owner": "deemp",
        "repo": "flakes",
        "rev": "4c9156f8aa31f2d09bf4f87a161c3f4429f457b4",
        "type": "github"
      },
      "original": {
        "owner": "deemp",
        "repo": "flakes",
        "type": "github"
      }
    },
    "root": {
      "inputs": {
        "flakes": "flakes"
      }
    }
  },
  "root": "root",
  "version": 7
}
