{
  "nodes": {
    "flakes": {
      "locked": {
        "lastModified": 1690058004,
        "narHash": "sha256-IVGeaNhr3D7rtjTtNKC1srhMcxGul00RQ0L5vLahj7I=",
        "owner": "deemp",
        "repo": "flakes",
        "rev": "ab518bf41bc7723e16fbfec086b759887c3ffc89",
        "type": "github"
      },
      "original": {
        "owner": "deemp",
        "repo": "flakes",
        "type": "github"
      }
    },
    "root": {
      "inputs": {
        "flakes": "flakes"
      }
    }
  },
  "root": "root",
  "version": 7
}
