{
  "nodes": {
    "flakes": {
      "locked": {
        "lastModified": 1690284663,
        "narHash": "sha256-9ij1615Yu/QcHEtXageUmkoETZlcokZ57NRz+n0bx5o=",
        "owner": "deemp",
        "repo": "flakes",
        "rev": "cd146c1fb1e0f76d84128da21d991213b6ae3f25",
        "type": "github"
      },
      "original": {
        "owner": "deemp",
        "repo": "flakes",
        "type": "github"
      }
    },
    "root": {
      "inputs": {
        "flakes": "flakes"
      }
    }
  },
  "root": "root",
  "version": 7
}
