{
  "nodes": {
    "cachix": {
      "locked": {
        "lastModified": 1665647492,
        "narHash": "sha256-lmVz/50ODqV4h08Xc8dpATwgD1pO/fou+M2KrSXBHSQ=",
        "owner": "cachix",
        "repo": "cachix",
        "rev": "f6fe5df6d96e45359a1e5c448272cfc7e0566da0",
        "type": "github"
      },
      "original": {
        "owner": "cachix",
        "repo": "cachix",
        "rev": "f6fe5df6d96e45359a1e5c448272cfc7e0566da0",
        "type": "github"
      }
    },
    "cachix_": {
      "inputs": {
        "cachix": "cachix"
      },
      "locked": {
        "dir": "source-flake/cachix",
        "lastModified": 1666017661,
        "narHash": "sha256-eHtmzzctmCZfiqLYXFkhq1i1BpjAlyXbckfhtv/WIa8=",
        "owner": "br4ch1st0chr0n3",
        "repo": "flakes",
        "rev": "7784a31b18e160fdc74a62334baab6b4bbc1dc90",
        "type": "github"
      },
      "original": {
        "dir": "source-flake/cachix",
        "owner": "br4ch1st0chr0n3",
        "repo": "flakes",
        "type": "github"
      }
    },
    "drv-tools": {
      "inputs": {
        "flake-utils": [
          "drv-tools",
          "flake-utils_",
          "flake-utils"
        ],
        "flake-utils_": "flake-utils_",
        "nixpkgs": [
          "drv-tools",
          "nixpkgs_",
          "nixpkgs"
        ],
        "nixpkgs_": "nixpkgs_"
      },
      "locked": {
        "dir": "drv-tools",
        "lastModified": 1666017661,
        "narHash": "sha256-eHtmzzctmCZfiqLYXFkhq1i1BpjAlyXbckfhtv/WIa8=",
        "owner": "br4ch1st0chr0n3",
        "repo": "flakes",
        "rev": "7784a31b18e160fdc74a62334baab6b4bbc1dc90",
        "type": "github"
      },
      "original": {
        "dir": "drv-tools",
        "owner": "br4ch1st0chr0n3",
        "repo": "flakes",
        "type": "github"
      }
    },
    "flake-utils": {
      "locked": {
        "lastModified": 1659877975,
        "narHash": "sha256-zllb8aq3YO3h8B/U0/J1WBgAL8EX5yWf5pMj3G0NAmc=",
        "owner": "numtide",
        "repo": "flake-utils",
        "rev": "c0e246b9b83f637f4681389ecabcb2681b4f3af0",
        "type": "github"
      },
      "original": {
        "owner": "numtide",
        "repo": "flake-utils",
        "type": "github"
      }
    },
    "flake-utils_": {
      "inputs": {
        "flake-utils": "flake-utils"
      },
      "locked": {
        "dir": "source-flake/flake-utils",
        "lastModified": 1666013873,
        "narHash": "sha256-5+Kk0ZpjK13Uzr8Q0w1zWpj5mO+DavSBARw+F7OzNtg=",
        "owner": "br4ch1st0chr0n3",
        "repo": "flakes",
        "rev": "4e3c6d23f523d03a97ac30c9cbe58b84b6dc99e7",
        "type": "github"
      },
      "original": {
        "dir": "source-flake/flake-utils",
        "owner": "br4ch1st0chr0n3",
        "repo": "flakes",
        "type": "github"
      }
    },
    "flake-utils_2": {
      "locked": {
        "lastModified": 1659877975,
        "narHash": "sha256-zllb8aq3YO3h8B/U0/J1WBgAL8EX5yWf5pMj3G0NAmc=",
        "owner": "numtide",
        "repo": "flake-utils",
        "rev": "c0e246b9b83f637f4681389ecabcb2681b4f3af0",
        "type": "github"
      },
      "original": {
        "owner": "numtide",
        "repo": "flake-utils",
        "type": "github"
      }
    },
    "flake-utils__2": {
      "inputs": {
        "flake-utils": "flake-utils_2"
      },
      "locked": {
        "dir": "source-flake/flake-utils",
        "lastModified": 1666017661,
        "narHash": "sha256-eHtmzzctmCZfiqLYXFkhq1i1BpjAlyXbckfhtv/WIa8=",
        "owner": "br4ch1st0chr0n3",
        "repo": "flakes",
        "rev": "7784a31b18e160fdc74a62334baab6b4bbc1dc90",
        "type": "github"
      },
      "original": {
        "dir": "source-flake/flake-utils",
        "owner": "br4ch1st0chr0n3",
        "repo": "flakes",
        "type": "github"
      }
    },
    "nixpkgs": {
      "locked": {
        "lastModified": 1663905476,
        "narHash": "sha256-0CSwRKaYravh9v6qSlBpM0gNg0UhKT2lL7Yn6Zbx7UM=",
        "owner": "NixOS",
        "repo": "nixpkgs",
        "rev": "e14f9fb57315f0d4abde222364f19f88c77d2b79",
        "type": "github"
      },
      "original": {
        "owner": "NixOS",
        "repo": "nixpkgs",
        "rev": "e14f9fb57315f0d4abde222364f19f88c77d2b79",
        "type": "github"
      }
    },
    "nixpkgs_": {
      "inputs": {
        "nixpkgs": "nixpkgs"
      },
      "locked": {
        "dir": "source-flake/nixpkgs",
        "lastModified": 1666013873,
        "narHash": "sha256-5+Kk0ZpjK13Uzr8Q0w1zWpj5mO+DavSBARw+F7OzNtg=",
        "owner": "br4ch1st0chr0n3",
        "repo": "flakes",
        "rev": "4e3c6d23f523d03a97ac30c9cbe58b84b6dc99e7",
        "type": "github"
      },
      "original": {
        "dir": "source-flake/nixpkgs",
        "owner": "br4ch1st0chr0n3",
        "repo": "flakes",
        "type": "github"
      }
    },
    "nixpkgs_2": {
      "locked": {
        "lastModified": 1663905476,
        "narHash": "sha256-0CSwRKaYravh9v6qSlBpM0gNg0UhKT2lL7Yn6Zbx7UM=",
        "owner": "NixOS",
        "repo": "nixpkgs",
        "rev": "e14f9fb57315f0d4abde222364f19f88c77d2b79",
        "type": "github"
      },
      "original": {
        "owner": "NixOS",
        "repo": "nixpkgs",
        "rev": "e14f9fb57315f0d4abde222364f19f88c77d2b79",
        "type": "github"
      }
    },
    "nixpkgs__2": {
      "inputs": {
        "nixpkgs": "nixpkgs_2"
      },
      "locked": {
        "dir": "source-flake/nixpkgs",
        "lastModified": 1666017661,
        "narHash": "sha256-eHtmzzctmCZfiqLYXFkhq1i1BpjAlyXbckfhtv/WIa8=",
        "owner": "br4ch1st0chr0n3",
        "repo": "flakes",
        "rev": "7784a31b18e160fdc74a62334baab6b4bbc1dc90",
        "type": "github"
      },
      "original": {
        "dir": "source-flake/nixpkgs",
        "owner": "br4ch1st0chr0n3",
        "repo": "flakes",
        "type": "github"
      }
    },
    "root": {
      "inputs": {
        "cachix": [
          "cachix_",
          "cachix"
        ],
        "cachix_": "cachix_",
        "drv-tools": "drv-tools",
        "flake-utils": [
          "flake-utils_",
          "flake-utils"
        ],
        "flake-utils_": "flake-utils__2",
        "nixpkgs": [
          "nixpkgs_",
          "nixpkgs"
        ],
        "nixpkgs_": "nixpkgs__2"
      }
    }
  },
  "root": "root",
  "version": 7
}
