{
  "nodes": {
    "easy-purescript-nix": {
      "flake": false,
      "locked": {
        "lastModified": 1663848878,
        "narHash": "sha256-PDWH6PAfaxuEROqVXRfLoXgsYkBnBJPM3hhBIAnTdk8=",
        "owner": "justinwoo",
        "repo": "easy-purescript-nix",
        "rev": "3d8b602e80c0fa7d97d7f03cb8e2f8b06967d509",
        "type": "github"
      },
      "original": {
        "owner": "justinwoo",
        "repo": "easy-purescript-nix",
        "rev": "3d8b602e80c0fa7d97d7f03cb8e2f8b06967d509",
        "type": "github"
      }
    },
    "root": {
      "inputs": {
        "easy-purescript-nix": "easy-purescript-nix"
      }
    }
  },
  "root": "root",
  "version": 7
}
