{
  "nodes": {
    "flakes": {
      "locked": {
        "lastModified": 1690037284,
        "narHash": "sha256-Z2fNw709Zkuo+v8IzRuwvBA26aG8Hiro74N+f3G3oFQ=",
        "owner": "deemp",
        "repo": "flakes",
        "rev": "a6a725530abadd0f16cff9a0bdf9cdf0113168fc",
        "type": "github"
      },
      "original": {
        "owner": "deemp",
        "repo": "flakes",
        "type": "github"
      }
    },
    "root": {
      "inputs": {
        "flakes": "flakes"
      }
    }
  },
  "root": "root",
  "version": 7
}
