{
  "nodes": {
    "flakes": {
      "locked": {
        "lastModified": 1702520852,
        "narHash": "sha256-EdN6oa05K2pnG0xeGzG0MQPXWcUYdW18hq2YegcjsR8=",
        "owner": "deemp",
        "repo": "flakes",
        "rev": "f8fbef278b5074983faa8d8cd561d1fccf1b8bfd",
        "type": "github"
      },
      "original": {
        "owner": "deemp",
        "repo": "flakes",
        "type": "github"
      }
    },
    "root": {
      "inputs": {
        "flakes": "flakes"
      }
    }
  },
  "root": "root",
  "version": 7
}
