{
  "nodes": {
    "flakes": {
      "locked": {
        "lastModified": 1701470765,
        "narHash": "sha256-12Vxf78Ce+JRbYBL6YuzQEVWKMAhW2l9xuiN2LAtk68=",
        "owner": "deemp",
        "repo": "flakes",
        "rev": "d1419c7bfd7f07826ab08d514662451e55a6e2fd",
        "type": "github"
      },
      "original": {
        "owner": "deemp",
        "repo": "flakes",
        "type": "github"
      }
    },
    "root": {
      "inputs": {
        "flakes": "flakes"
      }
    }
  },
  "root": "root",
  "version": 7
}
