{
  "nodes": {
    "flakes": {
      "locked": {
        "lastModified": 1689510242,
        "narHash": "sha256-cs+akAkZ6SrUa3A+LxU8SEnhJfLXVCVY3E8o4DBQ5dU=",
        "owner": "deemp",
        "repo": "flakes",
        "rev": "1076a701e4dd5d78724fe9b20ad41d1283b525ad",
        "type": "github"
      },
      "original": {
        "owner": "deemp",
        "repo": "flakes",
        "type": "github"
      }
    },
    "root": {
      "inputs": {
        "flakes": "flakes"
      }
    }
  },
  "root": "root",
  "version": 7
}
