{
  "nodes": {
    "flakes": {
      "locked": {
        "lastModified": 1689885008,
        "narHash": "sha256-BnnQnZFyAWIDeY8al3+zOxmsmUJ0L+6HkIvCxpTUhq4=",
        "owner": "deemp",
        "repo": "flakes",
        "rev": "881073583337feb2a1f82fd6569465a2a85ae04b",
        "type": "github"
      },
      "original": {
        "owner": "deemp",
        "repo": "flakes",
        "type": "github"
      }
    },
    "root": {
      "inputs": {
        "flakes": "flakes"
      }
    }
  },
  "root": "root",
  "version": 7
}
