{
  "nodes": {
    "flakes": {
      "locked": {
        "lastModified": 1688573626,
        "narHash": "sha256-Rg7DhAibl0zg1tWxi/Yy37cs+fjVIR43HcI0S9xgwNU=",
        "owner": "deemp",
        "repo": "flakes",
        "rev": "63c4c501248ec4180998b3f82d54a314e0f2fd94",
        "type": "github"
      },
      "original": {
        "owner": "deemp",
        "repo": "flakes",
        "type": "github"
      }
    },
    "root": {
      "inputs": {
        "flakes": "flakes"
      }
    }
  },
  "root": "root",
  "version": 7
}
