{
  "nodes": {
    "flakes": {
      "locked": {
        "lastModified": 1702520989,
        "narHash": "sha256-Z1wwTWJ7G9q+Vlh5GKOgntVeu1BLpyKMdqfYT32Ueu8=",
        "owner": "deemp",
        "repo": "flakes",
        "rev": "650d7483086e09e47e5bfcc14d32d56180174c23",
        "type": "github"
      },
      "original": {
        "owner": "deemp",
        "repo": "flakes",
        "type": "github"
      }
    },
    "root": {
      "inputs": {
        "flakes": "flakes"
      }
    }
  },
  "root": "root",
  "version": 7
}
