{
  "nodes": {
    "flakes": {
      "locked": {
        "lastModified": 1688582455,
        "narHash": "sha256-9oSHFSyhnVWhBSuRnl44txkL8PUrJJg+ffpIVYBJBwg=",
        "owner": "deemp",
        "repo": "flakes",
        "rev": "0f32f1f7b59f1be20017af80a69c543d1ec18738",
        "type": "github"
      },
      "original": {
        "owner": "deemp",
        "repo": "flakes",
        "type": "github"
      }
    },
    "root": {
      "inputs": {
        "flakes": "flakes"
      }
    }
  },
  "root": "root",
  "version": 7
}
