{
  "nodes": {
    "flakes": {
      "locked": {
        "lastModified": 1689016628,
        "narHash": "sha256-dPpPukvrFG6qFozn9tR3dfP86+CvrWORhMH08BCGGlk=",
        "owner": "deemp",
        "repo": "flakes",
        "rev": "cb7895d97ef96b7a5871427aada53fe6642bf70b",
        "type": "github"
      },
      "original": {
        "owner": "deemp",
        "repo": "flakes",
        "type": "github"
      }
    },
    "root": {
      "inputs": {
        "flakes": "flakes"
      }
    }
  },
  "root": "root",
  "version": 7
}
