{
  "nodes": {
    "flakes": {
      "locked": {
        "lastModified": 1696364002,
        "narHash": "sha256-7/it2KnhD5GAwsiPRJNyzvYWiD1c6Tf8CuwaP6FHaa0=",
        "owner": "deemp",
        "repo": "flakes",
        "rev": "5ebf3c3704248e825dc4ec04fa751b1b83fe4050",
        "type": "github"
      },
      "original": {
        "owner": "deemp",
        "repo": "flakes",
        "type": "github"
      }
    },
    "root": {
      "inputs": {
        "flakes": "flakes"
      }
    }
  },
  "root": "root",
  "version": 7
}
