{
  "nodes": {
    "flakes": {
      "locked": {
        "lastModified": 1698662235,
        "narHash": "sha256-oSZYHVhB4Rb0sDEBDFIRNgHWzF3J0lD8ICdnyh0FIrU=",
        "owner": "deemp",
        "repo": "flakes",
        "rev": "b929dd48e07db538fc73fbef963509c70683e545",
        "type": "github"
      },
      "original": {
        "owner": "deemp",
        "repo": "flakes",
        "type": "github"
      }
    },
    "root": {
      "inputs": {
        "flakes": "flakes"
      }
    }
  },
  "root": "root",
  "version": 7
}
