{
  "nodes": {
    "flakes": {
      "locked": {
        "lastModified": 1696514788,
        "narHash": "sha256-XkHojM1TqB5CK590Qib2f7cKHQQu0z7j9474WX8UnMM=",
        "owner": "deemp",
        "repo": "flakes",
        "rev": "b8d5729f9810722d3189473c120b9292d5fb441c",
        "type": "github"
      },
      "original": {
        "owner": "deemp",
        "repo": "flakes",
        "type": "github"
      }
    },
    "root": {
      "inputs": {
        "flakes": "flakes"
      }
    }
  },
  "root": "root",
  "version": 7
}
