{
  "nodes": {
    "flakes": {
      "locked": {
        "lastModified": 1702508779,
        "narHash": "sha256-LRDKsA0mN3vcB0Fsc6bC1MKHElyrvpENmQqmXMekaqo=",
        "owner": "deemp",
        "repo": "flakes",
        "rev": "9aeb6ac9af10a8aecfcafa7df02818a7f052384c",
        "type": "github"
      },
      "original": {
        "owner": "deemp",
        "repo": "flakes",
        "type": "github"
      }
    },
    "root": {
      "inputs": {
        "flakes": "flakes"
      }
    }
  },
  "root": "root",
  "version": 7
}
