{
  "nodes": {
    "flakes": {
      "locked": {
        "lastModified": 1702514436,
        "narHash": "sha256-kaLMUAW2du4dYDGLYcIL7UERQDyN0jAtWil8H8s8Sts=",
        "owner": "deemp",
        "repo": "flakes",
        "rev": "49957ae45a86e14e5d01e179207a49d75b029827",
        "type": "github"
      },
      "original": {
        "owner": "deemp",
        "repo": "flakes",
        "type": "github"
      }
    },
    "root": {
      "inputs": {
        "flakes": "flakes"
      }
    }
  },
  "root": "root",
  "version": 7
}
