{
  "nodes": {
    "drv-tools": {
      "inputs": {
        "flake-utils": [
          "drv-tools",
          "flake-utils_",
          "flake-utils"
        ],
        "flake-utils_": "flake-utils_",
        "nixpkgs": [
          "drv-tools",
          "nixpkgs_",
          "nixpkgs"
        ],
        "nixpkgs_": "nixpkgs_"
      },
      "locked": {
        "dir": "drv-tools",
        "lastModified": 1670441374,
        "narHash": "sha256-/ODi8FHv5hQL+g/2XrsgFLtoGFFf2orWuVinqwDqPtU=",
        "owner": "deemp",
        "repo": "flakes",
        "rev": "5af112a5b8203350d5aab3ac42e93375e2ce65f2",
        "type": "github"
      },
      "original": {
        "dir": "drv-tools",
        "owner": "deemp",
        "repo": "flakes",
        "type": "github"
      }
    },
    "flake-utils": {
      "locked": {
        "lastModified": 1667395993,
        "narHash": "sha256-nuEHfE/LcWyuSWnS8t12N1wc105Qtau+/OdUAjtQ0rA=",
        "owner": "numtide",
        "repo": "flake-utils",
        "rev": "5aed5285a952e0b949eb3ba02c12fa4fcfef535f",
        "type": "github"
      },
      "original": {
        "owner": "numtide",
        "repo": "flake-utils",
        "type": "github"
      }
    },
    "flake-utils_": {
      "inputs": {
        "flake-utils": "flake-utils"
      },
      "locked": {
        "dir": "source-flake/flake-utils",
        "lastModified": 1670440937,
        "narHash": "sha256-MhaO5W1/QLNoTl9950lNsAZ0+f0y1YANKdAiBfcnANM=",
        "owner": "deemp",
        "repo": "flakes",
        "rev": "998d375b975811f68838d8c55d08164405fd1715",
        "type": "github"
      },
      "original": {
        "dir": "source-flake/flake-utils",
        "owner": "deemp",
        "repo": "flakes",
        "type": "github"
      }
    },
    "flake-utils_2": {
      "locked": {
        "lastModified": 1667395993,
        "narHash": "sha256-nuEHfE/LcWyuSWnS8t12N1wc105Qtau+/OdUAjtQ0rA=",
        "owner": "numtide",
        "repo": "flake-utils",
        "rev": "5aed5285a952e0b949eb3ba02c12fa4fcfef535f",
        "type": "github"
      },
      "original": {
        "owner": "numtide",
        "repo": "flake-utils",
        "type": "github"
      }
    },
    "flake-utils__2": {
      "inputs": {
        "flake-utils": "flake-utils_2"
      },
      "locked": {
        "dir": "source-flake/flake-utils",
        "lastModified": 1670441374,
        "narHash": "sha256-/ODi8FHv5hQL+g/2XrsgFLtoGFFf2orWuVinqwDqPtU=",
        "owner": "deemp",
        "repo": "flakes",
        "rev": "5af112a5b8203350d5aab3ac42e93375e2ce65f2",
        "type": "github"
      },
      "original": {
        "dir": "source-flake/flake-utils",
        "owner": "deemp",
        "repo": "flakes",
        "type": "github"
      }
    },
    "nixpkgs": {
      "locked": {
        "lastModified": 1669165918,
        "narHash": "sha256-hIVruk2+0wmw/Kfzy11rG3q7ev3VTi/IKVODeHcVjFo=",
        "owner": "NixOS",
        "repo": "nixpkgs",
        "rev": "3b400a525d92e4085e46141ff48cbf89fd89739e",
        "type": "github"
      },
      "original": {
        "owner": "NixOS",
        "repo": "nixpkgs",
        "rev": "3b400a525d92e4085e46141ff48cbf89fd89739e",
        "type": "github"
      }
    },
    "nixpkgs_": {
      "inputs": {
        "nixpkgs": "nixpkgs"
      },
      "locked": {
        "dir": "source-flake/nixpkgs",
        "lastModified": 1670440937,
        "narHash": "sha256-MhaO5W1/QLNoTl9950lNsAZ0+f0y1YANKdAiBfcnANM=",
        "owner": "deemp",
        "repo": "flakes",
        "rev": "998d375b975811f68838d8c55d08164405fd1715",
        "type": "github"
      },
      "original": {
        "dir": "source-flake/nixpkgs",
        "owner": "deemp",
        "repo": "flakes",
        "type": "github"
      }
    },
    "nixpkgs_2": {
      "locked": {
        "lastModified": 1669165918,
        "narHash": "sha256-hIVruk2+0wmw/Kfzy11rG3q7ev3VTi/IKVODeHcVjFo=",
        "owner": "NixOS",
        "repo": "nixpkgs",
        "rev": "3b400a525d92e4085e46141ff48cbf89fd89739e",
        "type": "github"
      },
      "original": {
        "owner": "NixOS",
        "repo": "nixpkgs",
        "rev": "3b400a525d92e4085e46141ff48cbf89fd89739e",
        "type": "github"
      }
    },
    "nixpkgs__2": {
      "inputs": {
        "nixpkgs": "nixpkgs_2"
      },
      "locked": {
        "dir": "source-flake/nixpkgs",
        "lastModified": 1670441374,
        "narHash": "sha256-/ODi8FHv5hQL+g/2XrsgFLtoGFFf2orWuVinqwDqPtU=",
        "owner": "deemp",
        "repo": "flakes",
        "rev": "5af112a5b8203350d5aab3ac42e93375e2ce65f2",
        "type": "github"
      },
      "original": {
        "dir": "source-flake/nixpkgs",
        "owner": "deemp",
        "repo": "flakes",
        "type": "github"
      }
    },
    "root": {
      "inputs": {
        "drv-tools": "drv-tools",
        "flake-utils": [
          "flake-utils_",
          "flake-utils"
        ],
        "flake-utils_": "flake-utils__2",
        "nixpkgs": [
          "nixpkgs_",
          "nixpkgs"
        ],
        "nixpkgs_": "nixpkgs__2"
      }
    }
  },
  "root": "root",
  "version": 7
}
