{
  "nodes": {
    "flakes": {
      "locked": {
        "lastModified": 1689003431,
        "narHash": "sha256-wrVIHzE2HowEzr/YN2ww6vsTK0RTmZVjHfO/9vM+Zxo=",
        "owner": "deemp",
        "repo": "flakes",
        "rev": "18c1b9169f448067658100a7a0ecd3b0ea653808",
        "type": "github"
      },
      "original": {
        "owner": "deemp",
        "repo": "flakes",
        "type": "github"
      }
    },
    "root": {
      "inputs": {
        "flakes": "flakes"
      }
    }
  },
  "root": "root",
  "version": 7
}
