{
  "nodes": {
    "flakes": {
      "locked": {
        "lastModified": 1696327223,
        "narHash": "sha256-KjiVICRKRXgteaORojIyE0QoBu6S2TQ0uqRXknXTehw=",
        "owner": "deemp",
        "repo": "flakes",
        "rev": "f146c185652514db78362029b1b60327eef7e406",
        "type": "github"
      },
      "original": {
        "owner": "deemp",
        "repo": "flakes",
        "type": "github"
      }
    },
    "root": {
      "inputs": {
        "flakes": "flakes"
      }
    }
  },
  "root": "root",
  "version": 7
}
