{
  "nodes": {
    "flakes": {
      "locked": {
        "lastModified": 1697830654,
        "narHash": "sha256-I2vxFKreiwwGA1z8RAy7vj+lLdDVPaEivLRAPZ4YCac=",
        "owner": "deemp",
        "repo": "flakes",
        "rev": "362c41012138f746368e47b70c3977af301f56d4",
        "type": "github"
      },
      "original": {
        "owner": "deemp",
        "repo": "flakes",
        "type": "github"
      }
    },
    "root": {
      "inputs": {
        "flakes": "flakes"
      }
    }
  },
  "root": "root",
  "version": 7
}
