{
  "nodes": {
    "flakes": {
      "locked": {
        "lastModified": 1699572726,
        "narHash": "sha256-TZYb5vz73nFLXKLuFiTS/1HJ9qJPFBy+U7pnOkbj7q4=",
        "owner": "deemp",
        "repo": "flakes",
        "rev": "6f1d910ccbbb1b3d11f46a37722cc4f1d20aa507",
        "type": "github"
      },
      "original": {
        "owner": "deemp",
        "repo": "flakes",
        "type": "github"
      }
    },
    "root": {
      "inputs": {
        "flakes": "flakes"
      }
    }
  },
  "root": "root",
  "version": 7
}
