{
  "nodes": {
    "devshell-source": {
      "inputs": {
        "nixpkgs": [
          "nixpkgs"
        ],
        "systems": [
          "flake-utils",
          "systems"
        ]
      },
      "locked": {
        "lastModified": 1701787589,
        "narHash": "sha256-ce+oQR4Zq9VOsLoh9bZT8Ip9PaMLcjjBUHVPzW5d7Cw=",
        "owner": "numtide",
        "repo": "devshell",
        "rev": "44ddedcbcfc2d52a76b64fb6122f209881bd3e1e",
        "type": "github"
      },
      "original": {
        "owner": "numtide",
        "repo": "devshell",
        "type": "github"
      }
    },
    "dream2nix": {
      "inputs": {
        "nixpkgs": [
          "nixpkgs"
        ],
        "purescript-overlay": "purescript-overlay",
        "pyproject-nix": "pyproject-nix"
      },
      "locked": {
        "lastModified": 1702457430,
        "narHash": "sha256-8NQiXtYCOiC7XFayy6GPGDudCBrPROry3mfWjpdVj5g=",
        "owner": "nix-community",
        "repo": "dream2nix",
        "rev": "262198033e23e9ee832f0cc8133d38f07598f555",
        "type": "github"
      },
      "original": {
        "owner": "nix-community",
        "repo": "dream2nix",
        "type": "github"
      }
    },
    "flake-compat": {
      "flake": false,
      "locked": {
        "lastModified": 1696426674,
        "narHash": "sha256-kvjfFW7WAETZlt09AgDn1MrtKzP7t90Vf7vypd3OL1U=",
        "owner": "edolstra",
        "repo": "flake-compat",
        "rev": "0f9255e01c2351cc7d116c072cb317785dd33b33",
        "type": "github"
      },
      "original": {
        "owner": "edolstra",
        "repo": "flake-compat",
        "type": "github"
      }
    },
    "flake-compat_2": {
      "flake": false,
      "locked": {
        "lastModified": 1673956053,
        "narHash": "sha256-4gtG9iQuiKITOjNQQeQIpoIB6b16fm+504Ch3sNKLd8=",
        "owner": "edolstra",
        "repo": "flake-compat",
        "rev": "35bb57c0c8d8b62bbfd284272c928ceb64ddbde9",
        "type": "github"
      },
      "original": {
        "owner": "edolstra",
        "repo": "flake-compat",
        "type": "github"
      }
    },
    "flake-utils": {
      "inputs": {
        "systems": "systems"
      },
      "locked": {
        "lastModified": 1701680307,
        "narHash": "sha256-kAuep2h5ajznlPMD9rnQyffWG8EM/C73lejGofXvdM8=",
        "owner": "numtide",
        "repo": "flake-utils",
        "rev": "4022d587cbbfd70fe950c1e2083a02621806a725",
        "type": "github"
      },
      "original": {
        "owner": "numtide",
        "repo": "flake-utils",
        "type": "github"
      }
    },
    "flakes": {
      "locked": {
        "lastModified": 1696514961,
        "narHash": "sha256-6V9skmHuk6AajrFPIBolCPIM5JBmnwquYT415BTtbSg=",
        "owner": "deemp",
        "repo": "flakes",
        "rev": "004f8374a77dcefe6a4c4a42eb136fc4e9b26827",
        "type": "github"
      },
      "original": {
        "owner": "deemp",
        "repo": "flakes",
        "type": "github"
      }
    },
    "flakes_2": {
      "locked": {
        "lastModified": 1696514961,
        "narHash": "sha256-6V9skmHuk6AajrFPIBolCPIM5JBmnwquYT415BTtbSg=",
        "owner": "deemp",
        "repo": "flakes",
        "rev": "004f8374a77dcefe6a4c4a42eb136fc4e9b26827",
        "type": "github"
      },
      "original": {
        "owner": "deemp",
        "repo": "flakes",
        "type": "github"
      }
    },
    "lima": {
      "inputs": {
        "flakes": "flakes"
      },
      "locked": {
        "lastModified": 1696552781,
        "narHash": "sha256-9unhE2yQZ8Loq4HhG480VfGlZXnWySQ+/3jtwo5yP00=",
        "owner": "deemp",
        "repo": "lima",
        "rev": "b75bce703a2c1ea4f70dd0ae6e0b47d984a905b6",
        "type": "github"
      },
      "original": {
        "owner": "deemp",
        "repo": "lima",
        "type": "github"
      }
    },
    "nix-filter": {
      "locked": {
        "lastModified": 1701697642,
        "narHash": "sha256-L217WytWZHSY8GW9Gx1A64OnNctbuDbfslaTEofXXRw=",
        "owner": "numtide",
        "repo": "nix-filter",
        "rev": "c843418ecfd0344ecb85844b082ff5675e02c443",
        "type": "github"
      },
      "original": {
        "owner": "numtide",
        "repo": "nix-filter",
        "type": "github"
      }
    },
    "nix-github-actions": {
      "inputs": {
        "nixpkgs": [
          "poetry2nix",
          "nixpkgs"
        ]
      },
      "locked": {
        "lastModified": 1698974481,
        "narHash": "sha256-yPncV9Ohdz1zPZxYHQf47S8S0VrnhV7nNhCawY46hDA=",
        "owner": "nix-community",
        "repo": "nix-github-actions",
        "rev": "4bb5e752616262457bc7ca5882192a564c0472d2",
        "type": "github"
      },
      "original": {
        "owner": "nix-community",
        "repo": "nix-github-actions",
        "type": "github"
      }
    },
    "nix-vscode-extensions": {
      "inputs": {
        "flake-compat": "flake-compat_2",
        "flake-utils": [
          "flake-utils"
        ],
        "nixpkgs": [
          "nixpkgs"
        ]
      },
      "locked": {
        "lastModified": 1702430416,
        "narHash": "sha256-B5V52sULzppQwkFOYg3LAcKpRBQrEOjqWD96EkPY1vc=",
        "owner": "nix-community",
        "repo": "nix-vscode-extensions",
        "rev": "7cac6db467006533f4c151f0473498470f2e0bfd",
        "type": "github"
      },
      "original": {
        "owner": "nix-community",
        "repo": "nix-vscode-extensions",
        "rev": "7cac6db467006533f4c151f0473498470f2e0bfd",
        "type": "github"
      }
    },
    "nix2container": {
      "inputs": {
        "flake-utils": [
          "flake-utils"
        ],
        "nixpkgs": [
          "nixpkgs"
        ]
      },
      "locked": {
        "lastModified": 1702556796,
        "narHash": "sha256-Kb/zFxccRms61PPLTFhb4RKCPwNv+gERZ/0FxSZrx+g=",
        "owner": "deemp",
        "repo": "nix2container",
        "rev": "076a2e16cec5e5e03502df4391f045b21b9d63fb",
        "type": "github"
      },
      "original": {
        "owner": "deemp",
        "repo": "nix2container",
        "type": "github"
      }
    },
    "nixpkgs": {
      "locked": {
        "lastModified": 1703112174,
        "narHash": "sha256-YUgWFRQe09TqZkGaz7q9bPK2gSoz7XLSXx9fX1wWflA=",
        "owner": "NixOS",
        "repo": "nixpkgs",
        "rev": "d2d95997aa3059b512105976e378490aaea2ea75",
        "type": "github"
      },
      "original": {
        "owner": "NixOS",
        "repo": "nixpkgs",
        "rev": "d2d95997aa3059b512105976e378490aaea2ea75",
        "type": "github"
      }
    },
    "nixpkgs-purescript": {
      "locked": {
        "lastModified": 1685960562,
        "narHash": "sha256-tPjVvEEa9mHPK045GGFC8bvZ3NWXRF/Ec9gdF690EZ4=",
        "owner": "deemp",
        "repo": "nixpkgs",
        "rev": "853d935a30ec852b9638c42bf918661bd44f2ecd",
        "type": "github"
      },
      "original": {
        "owner": "deemp",
        "ref": "purescript",
        "repo": "nixpkgs",
        "type": "github"
      }
    },
    "poetry2nix": {
      "inputs": {
        "flake-utils": [
          "flake-utils"
        ],
        "nix-github-actions": "nix-github-actions",
        "nixpkgs": [
          "nixpkgs"
        ],
        "systems": [
          "flake-utils",
          "systems"
        ],
        "treefmt-nix": "treefmt-nix"
      },
      "locked": {
        "lastModified": 1703216642,
        "narHash": "sha256-9ZxL8UGFLBUepcoujK6CtkGgQhxWkHnDl0r9+h+0uik=",
        "owner": "nix-community",
        "repo": "poetry2nix",
        "rev": "1c75a009920f66138877318358f8a07a8bca443e",
        "type": "github"
      },
      "original": {
        "owner": "nix-community",
        "repo": "poetry2nix",
        "type": "github"
      }
    },
    "purescript-overlay": {
      "inputs": {
        "nixpkgs": [
          "dream2nix",
          "nixpkgs"
        ],
        "slimlock": "slimlock"
      },
      "locked": {
        "lastModified": 1696022621,
        "narHash": "sha256-eMjFmsj2G1E0Q5XiibUNgFjTiSz0GxIeSSzzVdoN730=",
        "owner": "thomashoneyman",
        "repo": "purescript-overlay",
        "rev": "047c7933abd6da8aa239904422e22d190ce55ead",
        "type": "github"
      },
      "original": {
        "owner": "thomashoneyman",
        "repo": "purescript-overlay",
        "type": "github"
      }
    },
    "pyproject-nix": {
      "flake": false,
      "locked": {
        "lastModified": 1702448246,
        "narHash": "sha256-hFg5s/hoJFv7tDpiGvEvXP0UfFvFEDgTdyHIjDVHu1I=",
        "owner": "davhau",
        "repo": "pyproject.nix",
        "rev": "5a06a2697b228c04dd2f35659b4b659ca74f7aeb",
        "type": "github"
      },
      "original": {
        "owner": "davhau",
        "ref": "dream2nix",
        "repo": "pyproject.nix",
        "type": "github"
      }
    },
    "root": {
      "inputs": {
        "devshell-source": "devshell-source",
        "dream2nix": "dream2nix",
        "flake-compat": "flake-compat",
        "flake-utils": "flake-utils",
        "lima": "lima",
        "nix-filter": "nix-filter",
        "nix-vscode-extensions": "nix-vscode-extensions",
        "nix2container": "nix2container",
        "nixpkgs": "nixpkgs",
        "nixpkgs-purescript": "nixpkgs-purescript",
        "poetry2nix": "poetry2nix",
        "rust-overlay": "rust-overlay",
        "slimlock": "slimlock_2",
        "terrafix": "terrafix"
      }
    },
    "rust-overlay": {
      "inputs": {
        "flake-utils": [
          "flake-utils"
        ],
        "nixpkgs": [
          "nixpkgs"
        ]
      },
      "locked": {
        "lastModified": 1703297543,
        "narHash": "sha256-d4QlzcoSNzb/iZheWtjOyRxoBSaLETSpViENGEkxv9g=",
        "owner": "oxalica",
        "repo": "rust-overlay",
        "rev": "fc77c8b416b1537522d30c710baaaaebf769f816",
        "type": "github"
      },
      "original": {
        "owner": "oxalica",
        "repo": "rust-overlay",
        "type": "github"
      }
    },
    "slimlock": {
      "inputs": {
        "nixpkgs": [
          "dream2nix",
          "purescript-overlay",
          "nixpkgs"
        ]
      },
      "locked": {
        "lastModified": 1688610262,
        "narHash": "sha256-Wg0ViDotFWGWqKIQzyYCgayeH8s4U1OZcTiWTQYdAp4=",
        "owner": "thomashoneyman",
        "repo": "slimlock",
        "rev": "b5c6cdcaf636ebbebd0a1f32520929394493f1a6",
        "type": "github"
      },
      "original": {
        "owner": "thomashoneyman",
        "repo": "slimlock",
        "type": "github"
      }
    },
    "slimlock_2": {
      "inputs": {
        "nixpkgs": [
          "nixpkgs"
        ]
      },
      "locked": {
        "lastModified": 1702828829,
        "narHash": "sha256-tL/ThLAk5JgYdKXy3MIZYnDavemjpemF17dVgbfbYM8=",
        "owner": "thomashoneyman",
        "repo": "slimlock",
        "rev": "a7ce81f35d236a5e58bce30e34825013e19ffade",
        "type": "github"
      },
      "original": {
        "owner": "thomashoneyman",
        "repo": "slimlock",
        "type": "github"
      }
    },
    "systems": {
      "locked": {
        "lastModified": 1681028828,
        "narHash": "sha256-Vy1rq5AaRuLzOxct8nz4T6wlgyUR7zLU309k9mBC768=",
        "owner": "nix-systems",
        "repo": "default",
        "rev": "da67096a3b9bf56a91d16901293e51ba5b49a27e",
        "type": "github"
      },
      "original": {
        "owner": "nix-systems",
        "repo": "default",
        "type": "github"
      }
    },
    "terrafix": {
      "inputs": {
        "flakes": "flakes_2"
      },
      "locked": {
        "lastModified": 1703334368,
        "narHash": "sha256-nKYy3evVgHJW1sLPhQdkoA3UcIq6z1W6T9XDcKc2nSw=",
        "owner": "deemp",
        "repo": "terrafix",
        "rev": "49512d4e899809ff87e7feaac64882861ca7af1a",
        "type": "github"
      },
      "original": {
        "owner": "deemp",
        "repo": "terrafix",
        "type": "github"
      }
    },
    "treefmt-nix": {
      "inputs": {
        "nixpkgs": [
          "poetry2nix",
          "nixpkgs"
        ]
      },
      "locked": {
        "lastModified": 1699786194,
        "narHash": "sha256-3h3EH1FXQkIeAuzaWB+nK0XK54uSD46pp+dMD3gAcB4=",
        "owner": "numtide",
        "repo": "treefmt-nix",
        "rev": "e82f32aa7f06bbbd56d7b12186d555223dc399d1",
        "type": "github"
      },
      "original": {
        "owner": "numtide",
        "repo": "treefmt-nix",
        "type": "github"
      }
    }
  },
  "root": "root",
  "version": 7
}
