{
  "nodes": {
    "flakes": {
      "locked": {
        "lastModified": 1694854814,
        "narHash": "sha256-ftVDRwSZA6K97eOBc8Ks2HVMKDPQXJetni+5bt5UKTI=",
        "owner": "deemp",
        "repo": "flakes",
        "rev": "4754c09e5811e832ac59df226df41187fb97b289",
        "type": "github"
      },
      "original": {
        "owner": "deemp",
        "repo": "flakes",
        "type": "github"
      }
    },
    "root": {
      "inputs": {
        "flakes": "flakes"
      }
    }
  },
  "root": "root",
  "version": 7
}
