{
  "nodes": {
    "flakes": {
      "locked": {
        "lastModified": 1694856230,
        "narHash": "sha256-c6gk8+2GlDwMX1g8FujkD/8TJzeSVwfoDZFSLU44Z/U=",
        "owner": "deemp",
        "repo": "flakes",
        "rev": "76ece8d96fd526122a72bbd6cef23ef2d13aaa9b",
        "type": "github"
      },
      "original": {
        "owner": "deemp",
        "repo": "flakes",
        "type": "github"
      }
    },
    "root": {
      "inputs": {
        "flakes": "flakes"
      }
    }
  },
  "root": "root",
  "version": 7
}
