{
  "nodes": {
    "flakes": {
      "locked": {
        "lastModified": 1688931276,
        "narHash": "sha256-HvwrMie7CV6mOERUuuKN0d5puuNiM0k19KSn5eFjhMs=",
        "owner": "deemp",
        "repo": "flakes",
        "rev": "f32641137c68f6b3d911ceee474eedb664ba9a87",
        "type": "github"
      },
      "original": {
        "owner": "deemp",
        "repo": "flakes",
        "type": "github"
      }
    },
    "root": {
      "inputs": {
        "flakes": "flakes"
      }
    }
  },
  "root": "root",
  "version": 7
}
