# This file was autogenerated by Stack.
# You should not edit this file by hand.
# For more information, please see the documentation at:
#   https://docs.haskellstack.org/en/stable/lock_files

packages: []
snapshots:
- completed:
    sha256: e0e80195c91d8d8daefd1ef71cf470b0e59124f98abe946a2390bbf88a410a46
    size: 632966
    url: https://raw.githubusercontent.com/commercialhaskell/stackage-snapshots/master/nightly/2023/6/10.yaml
  original: nightly-2023-06-10
