{
  "nodes": {
    "flake-utils": {
      "locked": {
        "lastModified": 1678901627,
        "narHash": "sha256-U02riOqrKKzwjsxc/400XnElV+UtPUQWpANPlyazjH0=",
        "owner": "numtide",
        "repo": "flake-utils",
        "rev": "93a2b84fc4b70d9e089d029deacc3583435c2ed6",
        "type": "github"
      },
      "original": {
        "owner": "numtide",
        "repo": "flake-utils",
        "type": "github"
      }
    },
    "flake-utils_": {
      "inputs": {
        "flake-utils": "flake-utils"
      },
      "locked": {
        "dir": "source-flake/flake-utils",
        "lastModified": 1680507117,
        "narHash": "sha256-lHuHsNvwv00F7N9V8/qEjSjk59AYvB1LJXtxb2RfoWU=",
        "owner": "deemp",
        "repo": "flakes",
        "rev": "7e23b0e6ea239cfa9e30c6bc243be92f2fe0c6e4",
        "type": "github"
      },
      "original": {
        "dir": "source-flake/flake-utils",
        "owner": "deemp",
        "repo": "flakes",
        "type": "github"
      }
    },
    "nixpkgs": {
      "locked": {
        "lastModified": 1680469126,
        "narHash": "sha256-aatKg1BHccfpoJqlQtXWNdEM12SRpYX56daW+BNp3Eg=",
        "owner": "NixOS",
        "repo": "nixpkgs",
        "rev": "b15e0f6c64eb252e232a46b891f115c3e13c9954",
        "type": "github"
      },
      "original": {
        "owner": "NixOS",
        "repo": "nixpkgs",
        "rev": "b15e0f6c64eb252e232a46b891f115c3e13c9954",
        "type": "github"
      }
    },
    "nixpkgs_": {
      "inputs": {
        "nixpkgs": "nixpkgs"
      },
      "locked": {
        "dir": "source-flake/nixpkgs",
        "lastModified": 1680507117,
        "narHash": "sha256-lHuHsNvwv00F7N9V8/qEjSjk59AYvB1LJXtxb2RfoWU=",
        "owner": "deemp",
        "repo": "flakes",
        "rev": "7e23b0e6ea239cfa9e30c6bc243be92f2fe0c6e4",
        "type": "github"
      },
      "original": {
        "dir": "source-flake/nixpkgs",
        "owner": "deemp",
        "repo": "flakes",
        "type": "github"
      }
    },
    "root": {
      "inputs": {
        "flake-utils": [
          "flake-utils_",
          "flake-utils"
        ],
        "flake-utils_": "flake-utils_",
        "nixpkgs": [
          "nixpkgs_",
          "nixpkgs"
        ],
        "nixpkgs_": "nixpkgs_"
      }
    }
  },
  "root": "root",
  "version": 7
}
