{
  "nodes": {
    "drv-tools": {
      "inputs": {
        "flake-utils": [
          "my-codium",
          "drv-tools",
          "flake-utils_",
          "flake-utils"
        ],
        "flake-utils_": "flake-utils__2",
        "nixpkgs": [
          "my-codium",
          "drv-tools",
          "nixpkgs_",
          "nixpkgs"
        ],
        "nixpkgs_": "nixpkgs_"
      },
      "locked": {
        "dir": "drv-tools",
        "lastModified": 1667862821,
        "narHash": "sha256-+Zl5lmDAY966xTrlW5yyjIW9ov1gkMFc20XVWYBanm0=",
        "owner": "br4ch1st0chr0n3",
        "repo": "flakes",
        "rev": "cea2a46c73feae94cc467898337e0b5d8b8d5f0e",
        "type": "github"
      },
      "original": {
        "dir": "drv-tools",
        "owner": "br4ch1st0chr0n3",
        "repo": "flakes",
        "type": "github"
      }
    },
    "flake-utils": {
      "locked": {
        "lastModified": 1667395993,
        "narHash": "sha256-nuEHfE/LcWyuSWnS8t12N1wc105Qtau+/OdUAjtQ0rA=",
        "owner": "numtide",
        "repo": "flake-utils",
        "rev": "5aed5285a952e0b949eb3ba02c12fa4fcfef535f",
        "type": "github"
      },
      "original": {
        "owner": "numtide",
        "repo": "flake-utils",
        "type": "github"
      }
    },
    "flake-utils_": {
      "inputs": {
        "flake-utils": "flake-utils"
      },
      "locked": {
        "dir": "source-flake/flake-utils",
        "lastModified": 1667862903,
        "narHash": "sha256-w1iQ8je2ZJZX7cAYQ/l29mnNuB+I0AfmfDtJ+JfFoSk=",
        "owner": "br4ch1st0chr0n3",
        "repo": "flakes",
        "rev": "c2d6ec65d5cc58b923d23c6669386a9c0c436fad",
        "type": "github"
      },
      "original": {
        "dir": "source-flake/flake-utils",
        "owner": "br4ch1st0chr0n3",
        "repo": "flakes",
        "type": "github"
      }
    },
    "flake-utils_2": {
      "locked": {
        "lastModified": 1667395993,
        "narHash": "sha256-nuEHfE/LcWyuSWnS8t12N1wc105Qtau+/OdUAjtQ0rA=",
        "owner": "numtide",
        "repo": "flake-utils",
        "rev": "5aed5285a952e0b949eb3ba02c12fa4fcfef535f",
        "type": "github"
      },
      "original": {
        "owner": "numtide",
        "repo": "flake-utils",
        "type": "github"
      }
    },
    "flake-utils_3": {
      "locked": {
        "lastModified": 1667395993,
        "narHash": "sha256-nuEHfE/LcWyuSWnS8t12N1wc105Qtau+/OdUAjtQ0rA=",
        "owner": "numtide",
        "repo": "flake-utils",
        "rev": "5aed5285a952e0b949eb3ba02c12fa4fcfef535f",
        "type": "github"
      },
      "original": {
        "owner": "numtide",
        "repo": "flake-utils",
        "type": "github"
      }
    },
    "flake-utils_4": {
      "locked": {
        "lastModified": 1659877975,
        "narHash": "sha256-zllb8aq3YO3h8B/U0/J1WBgAL8EX5yWf5pMj3G0NAmc=",
        "owner": "numtide",
        "repo": "flake-utils",
        "rev": "c0e246b9b83f637f4681389ecabcb2681b4f3af0",
        "type": "github"
      },
      "original": {
        "owner": "numtide",
        "repo": "flake-utils",
        "type": "github"
      }
    },
    "flake-utils_5": {
      "locked": {
        "lastModified": 1659877975,
        "narHash": "sha256-zllb8aq3YO3h8B/U0/J1WBgAL8EX5yWf5pMj3G0NAmc=",
        "owner": "numtide",
        "repo": "flake-utils",
        "rev": "c0e246b9b83f637f4681389ecabcb2681b4f3af0",
        "type": "github"
      },
      "original": {
        "owner": "numtide",
        "repo": "flake-utils",
        "type": "github"
      }
    },
    "flake-utils_6": {
      "locked": {
        "lastModified": 1659877975,
        "narHash": "sha256-zllb8aq3YO3h8B/U0/J1WBgAL8EX5yWf5pMj3G0NAmc=",
        "owner": "numtide",
        "repo": "flake-utils",
        "rev": "c0e246b9b83f637f4681389ecabcb2681b4f3af0",
        "type": "github"
      },
      "original": {
        "owner": "numtide",
        "repo": "flake-utils",
        "type": "github"
      }
    },
    "flake-utils__2": {
      "inputs": {
        "flake-utils": "flake-utils_2"
      },
      "locked": {
        "dir": "source-flake/flake-utils",
        "lastModified": 1667861321,
        "narHash": "sha256-jKj5jsuwkMkLsyvFREqg0oJRyl0jpdLT2WtBxSAic0I=",
        "owner": "br4ch1st0chr0n3",
        "repo": "flakes",
        "rev": "1eb272a252897c4f4294a1eafd1871c387e11f7a",
        "type": "github"
      },
      "original": {
        "dir": "source-flake/flake-utils",
        "owner": "br4ch1st0chr0n3",
        "repo": "flakes",
        "type": "github"
      }
    },
    "flake-utils__3": {
      "inputs": {
        "flake-utils": "flake-utils_3"
      },
      "locked": {
        "dir": "source-flake/flake-utils",
        "lastModified": 1667862821,
        "narHash": "sha256-+Zl5lmDAY966xTrlW5yyjIW9ov1gkMFc20XVWYBanm0=",
        "owner": "br4ch1st0chr0n3",
        "repo": "flakes",
        "rev": "cea2a46c73feae94cc467898337e0b5d8b8d5f0e",
        "type": "github"
      },
      "original": {
        "dir": "source-flake/flake-utils",
        "owner": "br4ch1st0chr0n3",
        "repo": "flakes",
        "type": "github"
      }
    },
    "flake-utils__4": {
      "inputs": {
        "flake-utils": "flake-utils_4"
      },
      "locked": {
        "dir": "source-flake/flake-utils",
        "lastModified": 1664932829,
        "narHash": "sha256-EF7wByq47Gy7JNDzQ4HgAZcIWoGiIkDN8Iow1/ej51s=",
        "owner": "br4ch1st0chr0n3",
        "repo": "flakes",
        "rev": "2f8ed86b7f8ec2dee5bd10e0f1647e40026bc9b7",
        "type": "github"
      },
      "original": {
        "dir": "source-flake/flake-utils",
        "owner": "br4ch1st0chr0n3",
        "repo": "flakes",
        "type": "github"
      }
    },
    "my-codium": {
      "inputs": {
        "drv-tools": "drv-tools",
        "flake-utils": [
          "my-codium",
          "flake-utils_",
          "flake-utils"
        ],
        "flake-utils_": "flake-utils__3",
        "nixpkgs": [
          "my-codium",
          "nixpkgs_",
          "nixpkgs"
        ],
        "nixpkgs_": "nixpkgs__2",
        "vscode-extensions": [
          "my-codium",
          "vscode-extensions_",
          "vscode-extensions"
        ],
        "vscode-extensions-selected": [
          "my-codium",
          "vscode-extensions-selected_",
          "vscode-extensions-selected"
        ],
        "vscode-extensions-selected_": "vscode-extensions-selected_",
        "vscode-extensions_": "vscode-extensions_"
      },
      "locked": {
        "dir": "codium",
        "lastModified": 1667862903,
        "narHash": "sha256-w1iQ8je2ZJZX7cAYQ/l29mnNuB+I0AfmfDtJ+JfFoSk=",
        "owner": "br4ch1st0chr0n3",
        "repo": "flakes",
        "rev": "c2d6ec65d5cc58b923d23c6669386a9c0c436fad",
        "type": "github"
      },
      "original": {
        "dir": "codium",
        "owner": "br4ch1st0chr0n3",
        "repo": "flakes",
        "type": "github"
      }
    },
    "nixpkgs": {
      "locked": {
        "lastModified": 1663905476,
        "narHash": "sha256-0CSwRKaYravh9v6qSlBpM0gNg0UhKT2lL7Yn6Zbx7UM=",
        "owner": "NixOS",
        "repo": "nixpkgs",
        "rev": "e14f9fb57315f0d4abde222364f19f88c77d2b79",
        "type": "github"
      },
      "original": {
        "owner": "NixOS",
        "repo": "nixpkgs",
        "rev": "e14f9fb57315f0d4abde222364f19f88c77d2b79",
        "type": "github"
      }
    },
    "nixpkgs_": {
      "inputs": {
        "nixpkgs": "nixpkgs"
      },
      "locked": {
        "dir": "source-flake/nixpkgs",
        "lastModified": 1667861321,
        "narHash": "sha256-jKj5jsuwkMkLsyvFREqg0oJRyl0jpdLT2WtBxSAic0I=",
        "owner": "br4ch1st0chr0n3",
        "repo": "flakes",
        "rev": "1eb272a252897c4f4294a1eafd1871c387e11f7a",
        "type": "github"
      },
      "original": {
        "dir": "source-flake/nixpkgs",
        "owner": "br4ch1st0chr0n3",
        "repo": "flakes",
        "type": "github"
      }
    },
    "nixpkgs_2": {
      "locked": {
        "lastModified": 1667758139,
        "narHash": "sha256-CbDAP6wttlaVs9s4DPZlJ5Wf6Ozz9lX7SdJVtFA8cAo=",
        "owner": "NixOS",
        "repo": "nixpkgs",
        "rev": "8993cc730d11148ef59e84a8f15f94f688e1bfd1",
        "type": "github"
      },
      "original": {
        "owner": "NixOS",
        "repo": "nixpkgs",
        "rev": "8993cc730d11148ef59e84a8f15f94f688e1bfd1",
        "type": "github"
      }
    },
    "nixpkgs_3": {
      "locked": {
        "lastModified": 1663905476,
        "narHash": "sha256-0CSwRKaYravh9v6qSlBpM0gNg0UhKT2lL7Yn6Zbx7UM=",
        "owner": "NixOS",
        "repo": "nixpkgs",
        "rev": "e14f9fb57315f0d4abde222364f19f88c77d2b79",
        "type": "github"
      },
      "original": {
        "owner": "NixOS",
        "repo": "nixpkgs",
        "rev": "e14f9fb57315f0d4abde222364f19f88c77d2b79",
        "type": "github"
      }
    },
    "nixpkgs_4": {
      "locked": {
        "lastModified": 1660464579,
        "narHash": "sha256-kzA9rwh0wS6CwUnFHAQ7dhJCowMPfRbvixVeOKnUmjo=",
        "owner": "NixOS",
        "repo": "nixpkgs",
        "rev": "b02538b16f6c5e1dbfce1033b27946e25c019b3b",
        "type": "github"
      },
      "original": {
        "owner": "NixOS",
        "ref": "nixpkgs-unstable",
        "repo": "nixpkgs",
        "type": "github"
      }
    },
    "nixpkgs_5": {
      "locked": {
        "lastModified": 1667758139,
        "narHash": "sha256-CbDAP6wttlaVs9s4DPZlJ5Wf6Ozz9lX7SdJVtFA8cAo=",
        "owner": "NixOS",
        "repo": "nixpkgs",
        "rev": "8993cc730d11148ef59e84a8f15f94f688e1bfd1",
        "type": "github"
      },
      "original": {
        "owner": "NixOS",
        "repo": "nixpkgs",
        "rev": "8993cc730d11148ef59e84a8f15f94f688e1bfd1",
        "type": "github"
      }
    },
    "nixpkgs_6": {
      "locked": {
        "lastModified": 1660464579,
        "narHash": "sha256-kzA9rwh0wS6CwUnFHAQ7dhJCowMPfRbvixVeOKnUmjo=",
        "owner": "NixOS",
        "repo": "nixpkgs",
        "rev": "b02538b16f6c5e1dbfce1033b27946e25c019b3b",
        "type": "github"
      },
      "original": {
        "owner": "NixOS",
        "ref": "nixpkgs-unstable",
        "repo": "nixpkgs",
        "type": "github"
      }
    },
    "nixpkgs__2": {
      "inputs": {
        "nixpkgs": "nixpkgs_2"
      },
      "locked": {
        "dir": "source-flake/nixpkgs",
        "lastModified": 1667862821,
        "narHash": "sha256-+Zl5lmDAY966xTrlW5yyjIW9ov1gkMFc20XVWYBanm0=",
        "owner": "br4ch1st0chr0n3",
        "repo": "flakes",
        "rev": "cea2a46c73feae94cc467898337e0b5d8b8d5f0e",
        "type": "github"
      },
      "original": {
        "dir": "source-flake/nixpkgs",
        "owner": "br4ch1st0chr0n3",
        "repo": "flakes",
        "type": "github"
      }
    },
    "nixpkgs__3": {
      "inputs": {
        "nixpkgs": "nixpkgs_3"
      },
      "locked": {
        "dir": "source-flake/nixpkgs",
        "lastModified": 1664932829,
        "narHash": "sha256-EF7wByq47Gy7JNDzQ4HgAZcIWoGiIkDN8Iow1/ej51s=",
        "owner": "br4ch1st0chr0n3",
        "repo": "flakes",
        "rev": "2f8ed86b7f8ec2dee5bd10e0f1647e40026bc9b7",
        "type": "github"
      },
      "original": {
        "dir": "source-flake/nixpkgs",
        "owner": "br4ch1st0chr0n3",
        "repo": "flakes",
        "type": "github"
      }
    },
    "nixpkgs__4": {
      "inputs": {
        "nixpkgs": "nixpkgs_5"
      },
      "locked": {
        "dir": "source-flake/nixpkgs",
        "lastModified": 1667862903,
        "narHash": "sha256-w1iQ8je2ZJZX7cAYQ/l29mnNuB+I0AfmfDtJ+JfFoSk=",
        "owner": "br4ch1st0chr0n3",
        "repo": "flakes",
        "rev": "c2d6ec65d5cc58b923d23c6669386a9c0c436fad",
        "type": "github"
      },
      "original": {
        "dir": "source-flake/nixpkgs",
        "owner": "br4ch1st0chr0n3",
        "repo": "flakes",
        "type": "github"
      }
    },
    "root": {
      "inputs": {
        "flake-utils": [
          "flake-utils_",
          "flake-utils"
        ],
        "flake-utils_": "flake-utils_",
        "my-codium": "my-codium",
        "nixpkgs": [
          "nixpkgs_",
          "nixpkgs"
        ],
        "nixpkgs_": "nixpkgs__4",
        "vscode-extensions": [
          "vscode-extensions_",
          "vscode-extensions"
        ],
        "vscode-extensions_": "vscode-extensions__2"
      }
    },
    "vscode-extensions": {
      "inputs": {
        "flake-utils": "flake-utils_5",
        "nixpkgs": "nixpkgs_4"
      },
      "locked": {
        "lastModified": 1667832763,
        "narHash": "sha256-M3Dz5anGkFpQScU/oiwhxTw3QqKHEIdNuICPjJqH/Ps=",
        "owner": "br4ch1st0chr0n3",
        "repo": "nix-vscode-extensions",
        "rev": "c09aa4c6ee49d72907b7b2bdf430738c822f6ebc",
        "type": "github"
      },
      "original": {
        "owner": "br4ch1st0chr0n3",
        "ref": "master",
        "repo": "nix-vscode-extensions",
        "type": "github"
      }
    },
    "vscode-extensions-selected": {
      "inputs": {
        "flake-utils": [
          "my-codium",
          "vscode-extensions-selected_",
          "vscode-extensions-selected",
          "flake-utils_",
          "flake-utils"
        ],
        "flake-utils_": "flake-utils__4",
        "nixpkgs": [
          "my-codium",
          "vscode-extensions-selected_",
          "vscode-extensions-selected",
          "nixpkgs_",
          "nixpkgs"
        ],
        "nixpkgs_": "nixpkgs__3"
      },
      "locked": {
        "lastModified": 1667501693,
        "narHash": "sha256-0DoL3wPtGzMM7kEJ6Q+QAOv4EAVaCAfZuydVOgiN0Ow=",
        "owner": "br4ch1st0chr0n3",
        "repo": "nix-vscode-extensions",
        "rev": "b927db88c79e461e1e6e8ba75e1ad3c512c4b73a",
        "type": "github"
      },
      "original": {
        "owner": "br4ch1st0chr0n3",
        "ref": "selected",
        "repo": "nix-vscode-extensions",
        "type": "github"
      }
    },
    "vscode-extensions-selected_": {
      "inputs": {
        "vscode-extensions-selected": "vscode-extensions-selected"
      },
      "locked": {
        "dir": "source-flake/vscode-extensions-selected",
        "lastModified": 1667862821,
        "narHash": "sha256-+Zl5lmDAY966xTrlW5yyjIW9ov1gkMFc20XVWYBanm0=",
        "owner": "br4ch1st0chr0n3",
        "repo": "flakes",
        "rev": "cea2a46c73feae94cc467898337e0b5d8b8d5f0e",
        "type": "github"
      },
      "original": {
        "dir": "source-flake/vscode-extensions-selected",
        "owner": "br4ch1st0chr0n3",
        "repo": "flakes",
        "type": "github"
      }
    },
    "vscode-extensions_": {
      "inputs": {
        "vscode-extensions": "vscode-extensions"
      },
      "locked": {
        "dir": "source-flake/vscode-extensions",
        "lastModified": 1667862821,
        "narHash": "sha256-+Zl5lmDAY966xTrlW5yyjIW9ov1gkMFc20XVWYBanm0=",
        "owner": "br4ch1st0chr0n3",
        "repo": "flakes",
        "rev": "cea2a46c73feae94cc467898337e0b5d8b8d5f0e",
        "type": "github"
      },
      "original": {
        "dir": "source-flake/vscode-extensions",
        "owner": "br4ch1st0chr0n3",
        "repo": "flakes",
        "type": "github"
      }
    },
    "vscode-extensions_2": {
      "inputs": {
        "flake-utils": "flake-utils_6",
        "nixpkgs": "nixpkgs_6"
      },
      "locked": {
        "lastModified": 1667832763,
        "narHash": "sha256-M3Dz5anGkFpQScU/oiwhxTw3QqKHEIdNuICPjJqH/Ps=",
        "owner": "br4ch1st0chr0n3",
        "repo": "nix-vscode-extensions",
        "rev": "c09aa4c6ee49d72907b7b2bdf430738c822f6ebc",
        "type": "github"
      },
      "original": {
        "owner": "br4ch1st0chr0n3",
        "ref": "master",
        "repo": "nix-vscode-extensions",
        "type": "github"
      }
    },
    "vscode-extensions__2": {
      "inputs": {
        "vscode-extensions": "vscode-extensions_2"
      },
      "locked": {
        "dir": "source-flake/vscode-extensions",
        "lastModified": 1667862903,
        "narHash": "sha256-w1iQ8je2ZJZX7cAYQ/l29mnNuB+I0AfmfDtJ+JfFoSk=",
        "owner": "br4ch1st0chr0n3",
        "repo": "flakes",
        "rev": "c2d6ec65d5cc58b923d23c6669386a9c0c436fad",
        "type": "github"
      },
      "original": {
        "dir": "source-flake/vscode-extensions",
        "owner": "br4ch1st0chr0n3",
        "repo": "flakes",
        "type": "github"
      }
    }
  },
  "root": "root",
  "version": 7
}
