# This file was autogenerated by Stack.
# You should not edit this file by hand.
# For more information, please see the documentation at:
#   https://docs.haskellstack.org/en/stable/lock_files

packages:
- completed:
    hackage: sockets-and-pipes-0.3@sha256:c965cb605b46b2ba33e3d187f63d09418032bea53f8f96cb7b4dd574c63c5796,3209
    pantry-tree:
      sha256: 1052ad48fd84c06bb758bba49eb5c88699de9ad6ab4c5f7488a703ff6a49f919
      size: 191
  original:
    hackage: sockets-and-pipes-0.3
snapshots:
- completed:
    sha256: ae630fb633086fb5128ec338a40a60c0f2b0a0f1bcfa9920c15855df2001338e
    size: 619204
    url: https://raw.githubusercontent.com/commercialhaskell/stackage-snapshots/master/lts/19/32.yaml
  original:
    url: https://raw.githubusercontent.com/commercialhaskell/stackage-snapshots/master/lts/19/32.yaml
