{
  "nodes": {
    "flake-utils": {
      "locked": {
        "lastModified": 1667395993,
        "narHash": "sha256-nuEHfE/LcWyuSWnS8t12N1wc105Qtau+/OdUAjtQ0rA=",
        "owner": "numtide",
        "repo": "flake-utils",
        "rev": "5aed5285a952e0b949eb3ba02c12fa4fcfef535f",
        "type": "github"
      },
      "original": {
        "owner": "numtide",
        "repo": "flake-utils",
        "type": "github"
      }
    },
    "nixpkgs": {
      "inputs": {
        "nixpkgs": "nixpkgs_2"
      },
      "locked": {
        "dir": "source-flake/nixpkgs",
        "lastModified": 1669210046,
        "narHash": "sha256-z+ZROkF7FI1YvOKd7EC/VSAyYPZb8P3fBWAGkzb9JJA=",
        "owner": "deemp",
        "repo": "flakes",
        "rev": "4387f82bf7b92e044bfe022720d82a37cbb1e9bc",
        "type": "github"
      },
      "original": {
        "owner": "NixOS",
        "repo": "nixpkgs",
        "type": "github"
      }
    },
    "nixpkgs_2": {
      "locked": {
        "lastModified": 1669165918,
        "narHash": "sha256-hIVruk2+0wmw/Kfzy11rG3q7ev3VTi/IKVODeHcVjFo=",
        "owner": "NixOS",
        "repo": "nixpkgs",
        "rev": "3b400a525d92e4085e46141ff48cbf89fd89739e",
        "type": "github"
      },
      "original": {
        "owner": "NixOS",
        "repo": "nixpkgs",
        "rev": "3b400a525d92e4085e46141ff48cbf89fd89739e",
        "type": "github"
      }
    },
    "poetry2nix": {
      "inputs": {
        "flake-utils": "flake-utils",
        "nixpkgs": "nixpkgs"
      },
      "locked": {
        "lastModified": 1662879385,
        "narHash": "sha256-ZmiyHn0uPH4xHYcOhY0e0sPtfyM6jCF/shmVq2aTOLc=",
        "owner": "nix-community",
        "repo": "poetry2nix",
        "rev": "4f8d61cd936f853242a4ce1fd476f5488c288c26",
        "type": "github"
      },
      "original": {
        "owner": "nix-community",
        "repo": "poetry2nix",
        "rev": "4f8d61cd936f853242a4ce1fd476f5488c288c26",
        "type": "github"
      }
    },
    "root": {
      "inputs": {
        "poetry2nix": "poetry2nix"
      }
    }
  },
  "root": "root",
  "version": 7
}
