{
  "nodes": {
    "flake-utils": {
      "locked": {
        "lastModified": 1667395993,
        "narHash": "sha256-nuEHfE/LcWyuSWnS8t12N1wc105Qtau+/OdUAjtQ0rA=",
        "owner": "numtide",
        "repo": "flake-utils",
        "rev": "5aed5285a952e0b949eb3ba02c12fa4fcfef535f",
        "type": "github"
      },
      "original": {
        "owner": "numtide",
        "repo": "flake-utils",
        "type": "github"
      }
    },
    "nixpkgs": {
      "inputs": {
        "nixpkgs": "nixpkgs_2"
      },
      "locked": {
        "dir": "source-flake/nixpkgs",
        "lastModified": 1673348608,
        "narHash": "sha256-VY2DnVjVPmPiUx4uxD/tBWYDXpOvi8d74g+4vryhVRE=",
        "owner": "deemp",
        "repo": "flakes",
        "rev": "62990a23d06b43799561584418b038be08dd7c8e",
        "type": "github"
      },
      "original": {
        "owner": "NixOS",
        "repo": "nixpkgs",
        "type": "github"
      }
    },
    "nixpkgs_2": {
      "locked": {
        "lastModified": 1672269866,
        "narHash": "sha256-GpVlIM5y4GrvyLSLxMU7gt3kphUoEbercUcAxLU2z4I=",
        "owner": "NixOS",
        "repo": "nixpkgs",
        "rev": "1bb598fb4588b8752674bfbddcf9403daf2d6e09",
        "type": "github"
      },
      "original": {
        "owner": "NixOS",
        "repo": "nixpkgs",
        "rev": "1bb598fb4588b8752674bfbddcf9403daf2d6e09",
        "type": "github"
      }
    },
    "poetry2nix": {
      "inputs": {
        "flake-utils": "flake-utils",
        "nixpkgs": "nixpkgs"
      },
      "locked": {
        "lastModified": 1662879385,
        "narHash": "sha256-ZmiyHn0uPH4xHYcOhY0e0sPtfyM6jCF/shmVq2aTOLc=",
        "owner": "nix-community",
        "repo": "poetry2nix",
        "rev": "4f8d61cd936f853242a4ce1fd476f5488c288c26",
        "type": "github"
      },
      "original": {
        "owner": "nix-community",
        "repo": "poetry2nix",
        "rev": "4f8d61cd936f853242a4ce1fd476f5488c288c26",
        "type": "github"
      }
    },
    "root": {
      "inputs": {
        "poetry2nix": "poetry2nix"
      }
    }
  },
  "root": "root",
  "version": 7
}
