{
  "nodes": {
    "nixpkgs": {
      "locked": {
        "lastModified": 1677378526,
        "narHash": "sha256-pFXZda4zfHAbHr18BxJXO3mJjHqPnTsNt9LHPI20S9c=",
        "owner": "NixOS",
        "repo": "nixpkgs",
        "rev": "e3f9921357f83dbf45934d1e72e89b928544a4be",
        "type": "github"
      },
      "original": {
        "owner": "NixOS",
        "repo": "nixpkgs",
        "rev": "e3f9921357f83dbf45934d1e72e89b928544a4be",
        "type": "github"
      }
    },
    "root": {
      "inputs": {
        "nixpkgs": "nixpkgs"
      }
    }
  },
  "root": "root",
  "version": 7
}
