{
  "nodes": {
    "nixpkgs": {
      "locked": {
        "lastModified": 1677374996,
        "narHash": "sha256-gzkPriicPC0mvQKCxF0dLhE2dw/pCcpfbI7GAE1IdQk=",
        "owner": "NixOS",
        "repo": "nixpkgs",
        "rev": "8c36d213bbb626ebb0ba2c4bd6a0389e8a6638b0",
        "type": "github"
      },
      "original": {
        "owner": "NixOS",
        "repo": "nixpkgs",
        "rev": "8c36d213bbb626ebb0ba2c4bd6a0389e8a6638b0",
        "type": "github"
      }
    },
    "root": {
      "inputs": {
        "nixpkgs": "nixpkgs"
      }
    }
  },
  "root": "root",
  "version": 7
}
