{
  "nodes": {
    "nixpkgs": {
      "locked": {
        "lastModified": 1672269866,
        "narHash": "sha256-GpVlIM5y4GrvyLSLxMU7gt3kphUoEbercUcAxLU2z4I=",
        "owner": "NixOS",
        "repo": "nixpkgs",
        "rev": "1bb598fb4588b8752674bfbddcf9403daf2d6e09",
        "type": "github"
      },
      "original": {
        "owner": "NixOS",
        "repo": "nixpkgs",
        "rev": "1bb598fb4588b8752674bfbddcf9403daf2d6e09",
        "type": "github"
      }
    },
    "root": {
      "inputs": {
        "nixpkgs": "nixpkgs"
      }
    }
  },
  "root": "root",
  "version": 7
}
